// !$*UTF8*$!
{
	archiveVersion = 1;
	classes = {
	};
	objectVersion = 56;
	objects = {

/* Begin PBXBuildFile section */
		8116819F2E37571D00E50958 /* EvolutionTreeFeature.swift in Sources */ = {isa = PBXBuildFile; fileRef = 8116819D2E37571D00E50958 /* EvolutionTreeFeature.swift */; };
		811681A52E37BAF400E50958 /* MyPokemonListView.swift in Sources */ = {isa = PBXBuildFile; fileRef = 811681A32E37BAF400E50958 /* MyPokemonListView.swift */; };
		811681A72E37BB0200E50958 /* MyPokemonListFeature.swift in Sources */ = {isa = PBXBuildFile; fileRef = 811681A62E37BB0200E50958 /* MyPokemonListFeature.swift */; };
		8123985F29F2865B00B7D560 /* Preview Assets.xcassets in Resources */ = {isa = PBXBuildFile; fileRef = 8123985E29F2865B00B7D560 /* Preview Assets.xcassets */; };
		8123986929F2865C00B7D560 /* PokeDex_ProjectTests.swift in Sources */ = {isa = PBXBuildFile; fileRef = 8123986829F2865C00B7D560 /* PokeDex_ProjectTests.swift */; };
		8123987329F2865C00B7D560 /* PokeDex_ProjectUITests.swift in Sources */ = {isa = PBXBuildFile; fileRef = 8123987229F2865C00B7D560 /* PokeDex_ProjectUITests.swift */; };
		8123987529F2865C00B7D560 /* PokeDex_ProjectUITestsLaunchTests.swift in Sources */ = {isa = PBXBuildFile; fileRef = 8123987429F2865C00B7D560 /* PokeDex_ProjectUITestsLaunchTests.swift */; };
		8127AC7F2E2F83C70020D7B3 /* AdBannerView.swift in Sources */ = {isa = PBXBuildFile; fileRef = 8127AC7B2E2F83C70020D7B3 /* AdBannerView.swift */; };
		8127AC802E2F83C70020D7B3 /* PokemonDetailsView.swift in Sources */ = {isa = PBXBuildFile; fileRef = 8127AC7D2E2F83C70020D7B3 /* PokemonDetailsView.swift */; };
		8127AC852E2F84A00020D7B3 /* DidLoadModifier.swift in Sources */ = {isa = PBXBuildFile; fileRef = 8127AC822E2F84A00020D7B3 /* DidLoadModifier.swift */; };
		8127AC862E2F84A00020D7B3 /* VisibleModifier.swift in Sources */ = {isa = PBXBuildFile; fileRef = 8127AC832E2F84A00020D7B3 /* VisibleModifier.swift */; };
		8127AC882E2F862B0020D7B3 /* PokemonDetailsFeature.swift in Sources */ = {isa = PBXBuildFile; fileRef = 8127AC872E2F862B0020D7B3 /* PokemonDetailsFeature.swift */; };
		8127AC8A2E2FA2B80020D7B3 /* InfoRowView.swift in Sources */ = {isa = PBXBuildFile; fileRef = 8127AC892E2FA2B80020D7B3 /* InfoRowView.swift */; };
		8127AC8C2E2FC7EB0020D7B3 /* KeyValueListView.swift in Sources */ = {isa = PBXBuildFile; fileRef = 8127AC8B2E2FC7EB0020D7B3 /* KeyValueListView.swift */; };
		8127AC8E2E3155DC0020D7B3 /* Color+Extension.swift in Sources */ = {isa = PBXBuildFile; fileRef = 8127AC8D2E3155DC0020D7B3 /* Color+Extension.swift */; };
		8127AC902E315A480020D7B3 /* Int+Extension.swift in Sources */ = {isa = PBXBuildFile; fileRef = 8127AC8F2E315A480020D7B3 /* Int+Extension.swift */; };
		8127AC922E315BBF0020D7B3 /* Optional+Extension.swift in Sources */ = {isa = PBXBuildFile; fileRef = 8127AC912E315BBF0020D7B3 /* Optional+Extension.swift */; };
		8127AC942E315EE90020D7B3 /* Array+Extension.swift in Sources */ = {isa = PBXBuildFile; fileRef = 8127AC932E315EE90020D7B3 /* Array+Extension.swift */; };
		812E71062E4071E500122931 /* CheckBox.swift in Sources */ = {isa = PBXBuildFile; fileRef = 812E71022E4071E500122931 /* CheckBox.swift */; };
		812E71072E4071E500122931 /* CustomPicker.swift in Sources */ = {isa = PBXBuildFile; fileRef = 812E71032E4071E500122931 /* CustomPicker.swift */; };
		812E71082E4071E500122931 /* NumericalCellView.swift in Sources */ = {isa = PBXBuildFile; fileRef = 812E71042E4071E500122931 /* NumericalCellView.swift */; };
		812E71102E40726800122931 /* AttackCategory.swift in Sources */ = {isa = PBXBuildFile; fileRef = 812E710A2E40726800122931 /* AttackCategory.swift */; };
		812E71112E40726800122931 /* PokemonAbility.swift in Sources */ = {isa = PBXBuildFile; fileRef = 812E710B2E40726800122931 /* PokemonAbility.swift */; };
		812E71122E40726800122931 /* PokemonItem.swift in Sources */ = {isa = PBXBuildFile; fileRef = 812E710C2E40726800122931 /* PokemonItem.swift */; };
		812E71132E40726800122931 /* StatusCondition.swift in Sources */ = {isa = PBXBuildFile; fileRef = 812E710D2E40726800122931 /* StatusCondition.swift */; };
		812E71142E40726800122931 /* WeatherCondition.swift in Sources */ = {isa = PBXBuildFile; fileRef = 812E710E2E40726800122931 /* WeatherCondition.swift */; };
		812E71162E4072B300122931 /* TerrainCondition.swift in Sources */ = {isa = PBXBuildFile; fileRef = 812E71152E4072B300122931 /* TerrainCondition.swift */; };
		812E71182E40762900122931 /* BattleModifierType.swift in Sources */ = {isa = PBXBuildFile; fileRef = 812E71172E40762900122931 /* BattleModifierType.swift */; };
		812E711A2E409D1900122931 /* PokemonValue.swift in Sources */ = {isa = PBXBuildFile; fileRef = 812E71192E409D1900122931 /* PokemonValue.swift */; };
		812E711C2E40B81300122931 /* Double+Extension.swift in Sources */ = {isa = PBXBuildFile; fileRef = 812E711B2E40B81300122931 /* Double+Extension.swift */; };
		812E711E2E41E11E00122931 /* CompatibilityCategory.swift in Sources */ = {isa = PBXBuildFile; fileRef = 812E711D2E41E11E00122931 /* CompatibilityCategory.swift */; };
		812E71202E41F6B300122931 /* Font+Extension.swift in Sources */ = {isa = PBXBuildFile; fileRef = 812E711F2E41F6B300122931 /* Font+Extension.swift */; };
		812E71222E42034A00122931 /* PokemonState.swift in Sources */ = {isa = PBXBuildFile; fileRef = 812E71212E42034A00122931 /* PokemonState.swift */; };
		813643772E38E90D00612EA9 /* SplashView.swift in Sources */ = {isa = PBXBuildFile; fileRef = 813643752E38E90D00612EA9 /* SplashView.swift */; };
		8136437D2E38E91400612EA9 /* DefenseView.swift in Sources */ = {isa = PBXBuildFile; fileRef = 813643792E38E91400612EA9 /* DefenseView.swift */; };
		8136437E2E38E91400612EA9 /* PowerView.swift in Sources */ = {isa = PBXBuildFile; fileRef = 8136437A2E38E91400612EA9 /* PowerView.swift */; };
		813643862E38E96E00612EA9 /* CalculateFilter.swift in Sources */ = {isa = PBXBuildFile; fileRef = 813643812E38E96E00612EA9 /* CalculateFilter.swift */; };
		813643872E38E96E00612EA9 /* EffortFilter.swift in Sources */ = {isa = PBXBuildFile; fileRef = 813643822E38E96E00612EA9 /* EffortFilter.swift */; };
		813643882E38E96E00612EA9 /* IndividualFilter.swift in Sources */ = {isa = PBXBuildFile; fileRef = 813643832E38E96E00612EA9 /* IndividualFilter.swift */; };
		813643892E38E96E00612EA9 /* RankFilter.swift in Sources */ = {isa = PBXBuildFile; fileRef = 813643842E38E96E00612EA9 /* RankFilter.swift */; };
		8136438C2E38E97400612EA9 /* StatsFilter.swift in Sources */ = {isa = PBXBuildFile; fileRef = 8136438A2E38E97400612EA9 /* StatsFilter.swift */; };
		813643922E38EAF400612EA9 /* MyPokemonListCellView.swift in Sources */ = {isa = PBXBuildFile; fileRef = 813643902E38EAF400612EA9 /* MyPokemonListCellView.swift */; };
		813643942E39209800612EA9 /* CalculatorFeature.swift in Sources */ = {isa = PBXBuildFile; fileRef = 813643932E39209800612EA9 /* CalculatorFeature.swift */; };
		8136439A2E3A0DC600612EA9 /* PokemonInfo.swift in Sources */ = {isa = PBXBuildFile; fileRef = 813643982E3A0DC600612EA9 /* PokemonInfo.swift */; };
		813643A52E3A3B8000612EA9 /* DefenseFeature.swift in Sources */ = {isa = PBXBuildFile; fileRef = 813643A22E3A3B8000612EA9 /* DefenseFeature.swift */; };
		813643A62E3A3B8000612EA9 /* PowerFeature.swift in Sources */ = {isa = PBXBuildFile; fileRef = 813643A32E3A3B8000612EA9 /* PowerFeature.swift */; };
		8149E53F2E296B7C00B78CB2 /* PokeDex_ProjectApp.swift in Sources */ = {isa = PBXBuildFile; fileRef = 8149E53D2E296B7C00B78CB2 /* PokeDex_ProjectApp.swift */; };
		8149E5682E296B8000B78CB2 /* EvolutionTo.swift in Sources */ = {isa = PBXBuildFile; fileRef = 8149E5402E296B8000B78CB2 /* EvolutionTo.swift */; };
		8149E5692E296B8000B78CB2 /* Base.swift in Sources */ = {isa = PBXBuildFile; fileRef = 8149E5422E296B8000B78CB2 /* Base.swift */; };
		8149E56A2E296B8000B78CB2 /* Dex.swift in Sources */ = {isa = PBXBuildFile; fileRef = 8149E5432E296B8000B78CB2 /* Dex.swift */; };
		8149E56B2E296B8000B78CB2 /* TextEntries.swift in Sources */ = {isa = PBXBuildFile; fileRef = 8149E5442E296B8000B78CB2 /* TextEntries.swift */; };
		8149E56C2E296B8000B78CB2 /* Pokemon.swift in Sources */ = {isa = PBXBuildFile; fileRef = 8149E5462E296B8000B78CB2 /* Pokemon.swift */; };
		8149E56D2E296B8000B78CB2 /* PokemonList.swift in Sources */ = {isa = PBXBuildFile; fileRef = 8149E5472E296B8000B78CB2 /* PokemonList.swift */; };
		8149E56E2E296B8000B78CB2 /* RealmPokemon.swift in Sources */ = {isa = PBXBuildFile; fileRef = 8149E5492E296B8000B78CB2 /* RealmPokemon.swift */; };
		8149E56F2E296B8000B78CB2 /* Abilites.swift in Sources */ = {isa = PBXBuildFile; fileRef = 8149E54B2E296B8000B78CB2 /* Abilites.swift */; };
		8149E5702E296B8000B78CB2 /* Form.swift in Sources */ = {isa = PBXBuildFile; fileRef = 8149E54C2E296B8000B78CB2 /* Form.swift */; };
		8149E5712E296B8000B78CB2 /* Varieties.swift in Sources */ = {isa = PBXBuildFile; fileRef = 8149E54E2E296B8000B78CB2 /* Varieties.swift */; };
		8149E5722E296B8000B78CB2 /* Response.swift in Sources */ = {isa = PBXBuildFile; fileRef = 8149E5502E296B8000B78CB2 /* Response.swift */; };
		8149E5732E296B8000B78CB2 /* PokemonDetailsClient.swift in Sources */ = {isa = PBXBuildFile; fileRef = 8149E5522E296B8000B78CB2 /* PokemonDetailsClient.swift */; };
		8149E5742E296B8000B78CB2 /* PokemonListClient.swift in Sources */ = {isa = PBXBuildFile; fileRef = 8149E5532E296B8000B78CB2 /* PokemonListClient.swift */; };
		8149E5752E296B8000B78CB2 /* Router.swift in Sources */ = {isa = PBXBuildFile; fileRef = 8149E5552E296B8000B78CB2 /* Router.swift */; };
		8149E5762E296B8000B78CB2 /* PokemonDetailsRouter.swift in Sources */ = {isa = PBXBuildFile; fileRef = 8149E5572E296B8000B78CB2 /* PokemonDetailsRouter.swift */; };
		8149E5772E296B8000B78CB2 /* PokemonListRouter.swift in Sources */ = {isa = PBXBuildFile; fileRef = 8149E5582E296B8000B78CB2 /* PokemonListRouter.swift */; };
		8149E5782E296B8000B78CB2 /* HTTPMethod.swift in Sources */ = {isa = PBXBuildFile; fileRef = 8149E55A2E296B8000B78CB2 /* HTTPMethod.swift */; };
		8149E5792E296B8000B78CB2 /* RealmClient.swift in Sources */ = {isa = PBXBuildFile; fileRef = 8149E55C2E296B8000B78CB2 /* RealmClient.swift */; };
		8149E57A2E296B8000B78CB2 /* RealmObject.swift in Sources */ = {isa = PBXBuildFile; fileRef = 8149E55E2E296B8000B78CB2 /* RealmObject.swift */; };
		8149E57B2E296B8000B78CB2 /* NetworkError.swift in Sources */ = {isa = PBXBuildFile; fileRef = 8149E5612E296B8000B78CB2 /* NetworkError.swift */; };
		8149E57C2E296B8000B78CB2 /* RealmError.swift in Sources */ = {isa = PBXBuildFile; fileRef = 8149E5622E296B8000B78CB2 /* RealmError.swift */; };
		8149E57D2E296B8000B78CB2 /* URLSession+Extension.swift in Sources */ = {isa = PBXBuildFile; fileRef = 8149E5642E296B8000B78CB2 /* URLSession+Extension.swift */; };
		8149E5902E296B8300B78CB2 /* MainFeature.swift in Sources */ = {isa = PBXBuildFile; fileRef = 8149E5812E296B8300B78CB2 /* MainFeature.swift */; };
		8149E5922E296B8300B78CB2 /* SearchBoardFeature.swift in Sources */ = {isa = PBXBuildFile; fileRef = 8149E5832E296B8300B78CB2 /* SearchBoardFeature.swift */; };
		8149E5932E296B8300B78CB2 /* Types.swift in Sources */ = {isa = PBXBuildFile; fileRef = 8149E5852E296B8300B78CB2 /* Types.swift */; };
		8149E5942E296B8300B78CB2 /* MainView.swift in Sources */ = {isa = PBXBuildFile; fileRef = 8149E5872E296B8300B78CB2 /* MainView.swift */; };
		8149E5962E296B8300B78CB2 /* SearchBoardView.swift in Sources */ = {isa = PBXBuildFile; fileRef = 8149E5892E296B8300B78CB2 /* SearchBoardView.swift */; };
		8149E59E2E2B545800B78CB2 /* Assets.xcassets in Resources */ = {isa = PBXBuildFile; fileRef = 8149E5992E2B545800B78CB2 /* Assets.xcassets */; };
		8149E59F2E2B545800B78CB2 /* Config.xcconfig in Resources */ = {isa = PBXBuildFile; fileRef = 8149E59B2E2B545800B78CB2 /* Config.xcconfig */; };
		8149E5A02E2B545800B78CB2 /* PokeDex-Project-Info.plist in Resources */ = {isa = PBXBuildFile; fileRef = 8149E59C2E2B545800B78CB2 /* PokeDex-Project-Info.plist */; };
		8149E5A12E2B545800B78CB2 /* Config.swift in Sources */ = {isa = PBXBuildFile; fileRef = 8149E59A2E2B545800B78CB2 /* Config.swift */; };
		8149E5C72E2B88D900B78CB2 /* RegionListFeature.swift in Sources */ = {isa = PBXBuildFile; fileRef = 8149E5BE2E2B88D900B78CB2 /* RegionListFeature.swift */; };
		8149E5C82E2B88D900B78CB2 /* TabBarFeature.swift in Sources */ = {isa = PBXBuildFile; fileRef = 8149E5BF2E2B88D900B78CB2 /* TabBarFeature.swift */; };
		8149E5C92E2B88D900B78CB2 /* TabFilter.swift in Sources */ = {isa = PBXBuildFile; fileRef = 8149E5C12E2B88D900B78CB2 /* TabFilter.swift */; };
		8149E5CA2E2B88D900B78CB2 /* RegionListView.swift in Sources */ = {isa = PBXBuildFile; fileRef = 8149E5C32E2B88D900B78CB2 /* RegionListView.swift */; };
		8149E5CB2E2B88D900B78CB2 /* TabBarView.swift in Sources */ = {isa = PBXBuildFile; fileRef = 8149E5C42E2B88D900B78CB2 /* TabBarView.swift */; };
		8149E5CF2E2B8A7E00B78CB2 /* PokemonCellView.swift in Sources */ = {isa = PBXBuildFile; fileRef = 8149E5CE2E2B8A7E00B78CB2 /* PokemonCellView.swift */; };
		8149E5D12E2B8B2B00B78CB2 /* String+Extension.swift in Sources */ = {isa = PBXBuildFile; fileRef = 8149E5D02E2B8B2B00B78CB2 /* String+Extension.swift */; };
		8149E5D72E2B914000B78CB2 /* PokemonCellFeature.swift in Sources */ = {isa = PBXBuildFile; fileRef = 8149E5D52E2B914000B78CB2 /* PokemonCellFeature.swift */; };
		81A06DB22E2F419E00D830A8 /* View+Extension.swift in Sources */ = {isa = PBXBuildFile; fileRef = 81A06DB12E2F419E00D830A8 /* View+Extension.swift */; };
		81A06DB92E2F678900D830A8 /* SearchBar.swift in Sources */ = {isa = PBXBuildFile; fileRef = 81A06DB82E2F678900D830A8 /* SearchBar.swift */; };
		81E3AFC32E2781F7009B579C /* ComposableArchitecture in Frameworks */ = {isa = PBXBuildFile; productRef = 81E3AFC22E2781F7009B579C /* ComposableArchitecture */; };
		D639CE152BF4CCD1002E0B5D /* CustomData.swift in Sources */ = {isa = PBXBuildFile; fileRef = D639CE142BF4CCD1002E0B5D /* CustomData.swift */; };
		D639CE182BF4D6AC002E0B5D /* RegionFilter.swift in Sources */ = {isa = PBXBuildFile; fileRef = D639CE172BF4D6AC002E0B5D /* RegionFilter.swift */; };
		D639CE1C2BF702ED002E0B5D /* TypeFilter.swift in Sources */ = {isa = PBXBuildFile; fileRef = D639CE1B2BF702ED002E0B5D /* TypeFilter.swift */; };
		D639CE292BF77996002E0B5D /* TypesView.swift in Sources */ = {isa = PBXBuildFile; fileRef = D639CE282BF77996002E0B5D /* TypesView.swift */; };
		D679C10B2BFB410700223D6D /* EvolutionTreeNodeView.swift in Sources */ = {isa = PBXBuildFile; fileRef = D679C10A2BFB410700223D6D /* EvolutionTreeNodeView.swift */; };
		D679C1172BFCAD8000223D6D /* CalculateView.swift in Sources */ = {isa = PBXBuildFile; fileRef = D679C1162BFCAD8000223D6D /* CalculateView.swift */; };
		D68F1DF72BAAABF80086BC9C /* Realm in Frameworks */ = {isa = PBXBuildFile; productRef = D68F1DF62BAAABF80086BC9C /* Realm */; };
		D68F1DF92BAAABF80086BC9C /* RealmSwift in Frameworks */ = {isa = PBXBuildFile; productRef = D68F1DF82BAAABF80086BC9C /* RealmSwift */; };
		D68F1DFC2BAAAC000086BC9C /* Kingfisher in Frameworks */ = {isa = PBXBuildFile; productRef = D68F1DFB2BAAAC000086BC9C /* Kingfisher */; };
		D6E331D12C04838B00C79D22 /* GoogleMobileAds in Frameworks */ = {isa = PBXBuildFile; productRef = D6E331D02C04838B00C79D22 /* GoogleMobileAds */; };
/* End PBXBuildFile section */

/* Begin PBXContainerItemProxy section */
		8123986529F2865C00B7D560 /* PBXContainerItemProxy */ = {
			isa = PBXContainerItemProxy;
			containerPortal = 8123984C29F2865A00B7D560 /* Project object */;
			proxyType = 1;
			remoteGlobalIDString = 8123985329F2865A00B7D560;
			remoteInfo = PokeDex_Project;
		};
		8123986F29F2865C00B7D560 /* PBXContainerItemProxy */ = {
			isa = PBXContainerItemProxy;
			containerPortal = 8123984C29F2865A00B7D560 /* Project object */;
			proxyType = 1;
			remoteGlobalIDString = 8123985329F2865A00B7D560;
			remoteInfo = PokeDex_Project;
		};
/* End PBXContainerItemProxy section */

/* Begin PBXFileReference section */
		8116819D2E37571D00E50958 /* EvolutionTreeFeature.swift */ = {isa = PBXFileReference; lastKnownFileType = sourcecode.swift; path = EvolutionTreeFeature.swift; sourceTree = "<group>"; };
		811681A32E37BAF400E50958 /* MyPokemonListView.swift */ = {isa = PBXFileReference; lastKnownFileType = sourcecode.swift; path = MyPokemonListView.swift; sourceTree = "<group>"; };
		811681A62E37BB0200E50958 /* MyPokemonListFeature.swift */ = {isa = PBXFileReference; lastKnownFileType = sourcecode.swift; path = MyPokemonListFeature.swift; sourceTree = "<group>"; };
		8123985429F2865A00B7D560 /* PokeDex_Project.app */ = {isa = PBXFileReference; explicitFileType = wrapper.application; includeInIndex = 0; path = PokeDex_Project.app; sourceTree = BUILT_PRODUCTS_DIR; };
		8123985E29F2865B00B7D560 /* Preview Assets.xcassets */ = {isa = PBXFileReference; lastKnownFileType = folder.assetcatalog; path = "Preview Assets.xcassets"; sourceTree = "<group>"; };
		8123986429F2865C00B7D560 /* PokeDex_ProjectTests.xctest */ = {isa = PBXFileReference; explicitFileType = wrapper.cfbundle; includeInIndex = 0; path = PokeDex_ProjectTests.xctest; sourceTree = BUILT_PRODUCTS_DIR; };
		8123986829F2865C00B7D560 /* PokeDex_ProjectTests.swift */ = {isa = PBXFileReference; lastKnownFileType = sourcecode.swift; path = PokeDex_ProjectTests.swift; sourceTree = "<group>"; };
		8123986E29F2865C00B7D560 /* PokeDex_ProjectUITests.xctest */ = {isa = PBXFileReference; explicitFileType = wrapper.cfbundle; includeInIndex = 0; path = PokeDex_ProjectUITests.xctest; sourceTree = BUILT_PRODUCTS_DIR; };
		8123987229F2865C00B7D560 /* PokeDex_ProjectUITests.swift */ = {isa = PBXFileReference; lastKnownFileType = sourcecode.swift; path = PokeDex_ProjectUITests.swift; sourceTree = "<group>"; };
		8123987429F2865C00B7D560 /* PokeDex_ProjectUITestsLaunchTests.swift */ = {isa = PBXFileReference; lastKnownFileType = sourcecode.swift; path = PokeDex_ProjectUITestsLaunchTests.swift; sourceTree = "<group>"; };
		8127AC7B2E2F83C70020D7B3 /* AdBannerView.swift */ = {isa = PBXFileReference; lastKnownFileType = sourcecode.swift; path = AdBannerView.swift; sourceTree = "<group>"; };
		8127AC7D2E2F83C70020D7B3 /* PokemonDetailsView.swift */ = {isa = PBXFileReference; lastKnownFileType = sourcecode.swift; path = PokemonDetailsView.swift; sourceTree = "<group>"; };
		8127AC822E2F84A00020D7B3 /* DidLoadModifier.swift */ = {isa = PBXFileReference; lastKnownFileType = sourcecode.swift; path = DidLoadModifier.swift; sourceTree = "<group>"; };
		8127AC832E2F84A00020D7B3 /* VisibleModifier.swift */ = {isa = PBXFileReference; lastKnownFileType = sourcecode.swift; path = VisibleModifier.swift; sourceTree = "<group>"; };
		8127AC872E2F862B0020D7B3 /* PokemonDetailsFeature.swift */ = {isa = PBXFileReference; lastKnownFileType = sourcecode.swift; path = PokemonDetailsFeature.swift; sourceTree = "<group>"; };
		8127AC892E2FA2B80020D7B3 /* InfoRowView.swift */ = {isa = PBXFileReference; lastKnownFileType = sourcecode.swift; path = InfoRowView.swift; sourceTree = "<group>"; };
		8127AC8B2E2FC7EB0020D7B3 /* KeyValueListView.swift */ = {isa = PBXFileReference; lastKnownFileType = sourcecode.swift; path = KeyValueListView.swift; sourceTree = "<group>"; };
		8127AC8D2E3155DC0020D7B3 /* Color+Extension.swift */ = {isa = PBXFileReference; lastKnownFileType = sourcecode.swift; path = "Color+Extension.swift"; sourceTree = "<group>"; };
		8127AC8F2E315A480020D7B3 /* Int+Extension.swift */ = {isa = PBXFileReference; lastKnownFileType = sourcecode.swift; path = "Int+Extension.swift"; sourceTree = "<group>"; };
		8127AC912E315BBF0020D7B3 /* Optional+Extension.swift */ = {isa = PBXFileReference; lastKnownFileType = sourcecode.swift; path = "Optional+Extension.swift"; sourceTree = "<group>"; };
		8127AC932E315EE90020D7B3 /* Array+Extension.swift */ = {isa = PBXFileReference; lastKnownFileType = sourcecode.swift; path = "Array+Extension.swift"; sourceTree = "<group>"; };
		812E71022E4071E500122931 /* CheckBox.swift */ = {isa = PBXFileReference; lastKnownFileType = sourcecode.swift; path = CheckBox.swift; sourceTree = "<group>"; };
		812E71032E4071E500122931 /* CustomPicker.swift */ = {isa = PBXFileReference; lastKnownFileType = sourcecode.swift; path = CustomPicker.swift; sourceTree = "<group>"; };
		812E71042E4071E500122931 /* NumericalCellView.swift */ = {isa = PBXFileReference; lastKnownFileType = sourcecode.swift; path = NumericalCellView.swift; sourceTree = "<group>"; };
		812E710A2E40726800122931 /* AttackCategory.swift */ = {isa = PBXFileReference; lastKnownFileType = sourcecode.swift; path = AttackCategory.swift; sourceTree = "<group>"; };
		812E710B2E40726800122931 /* PokemonAbility.swift */ = {isa = PBXFileReference; lastKnownFileType = sourcecode.swift; path = PokemonAbility.swift; sourceTree = "<group>"; };
		812E710C2E40726800122931 /* PokemonItem.swift */ = {isa = PBXFileReference; lastKnownFileType = sourcecode.swift; path = PokemonItem.swift; sourceTree = "<group>"; };
		812E710D2E40726800122931 /* StatusCondition.swift */ = {isa = PBXFileReference; lastKnownFileType = sourcecode.swift; path = StatusCondition.swift; sourceTree = "<group>"; };
		812E710E2E40726800122931 /* WeatherCondition.swift */ = {isa = PBXFileReference; lastKnownFileType = sourcecode.swift; path = WeatherCondition.swift; sourceTree = "<group>"; };
		812E71152E4072B300122931 /* TerrainCondition.swift */ = {isa = PBXFileReference; lastKnownFileType = sourcecode.swift; path = TerrainCondition.swift; sourceTree = "<group>"; };
		812E71172E40762900122931 /* BattleModifierType.swift */ = {isa = PBXFileReference; lastKnownFileType = sourcecode.swift; path = BattleModifierType.swift; sourceTree = "<group>"; };
		812E71192E409D1900122931 /* PokemonValue.swift */ = {isa = PBXFileReference; lastKnownFileType = sourcecode.swift; path = PokemonValue.swift; sourceTree = "<group>"; };
		812E711B2E40B81300122931 /* Double+Extension.swift */ = {isa = PBXFileReference; lastKnownFileType = sourcecode.swift; path = "Double+Extension.swift"; sourceTree = "<group>"; };
		812E711D2E41E11E00122931 /* CompatibilityCategory.swift */ = {isa = PBXFileReference; lastKnownFileType = sourcecode.swift; path = CompatibilityCategory.swift; sourceTree = "<group>"; };
		812E711F2E41F6B300122931 /* Font+Extension.swift */ = {isa = PBXFileReference; lastKnownFileType = sourcecode.swift; path = "Font+Extension.swift"; sourceTree = "<group>"; };
		812E71212E42034A00122931 /* PokemonState.swift */ = {isa = PBXFileReference; lastKnownFileType = sourcecode.swift; path = PokemonState.swift; sourceTree = "<group>"; };
		813643752E38E90D00612EA9 /* SplashView.swift */ = {isa = PBXFileReference; lastKnownFileType = sourcecode.swift; path = SplashView.swift; sourceTree = "<group>"; };
		813643792E38E91400612EA9 /* DefenseView.swift */ = {isa = PBXFileReference; lastKnownFileType = sourcecode.swift; path = DefenseView.swift; sourceTree = "<group>"; };
		8136437A2E38E91400612EA9 /* PowerView.swift */ = {isa = PBXFileReference; lastKnownFileType = sourcecode.swift; path = PowerView.swift; sourceTree = "<group>"; };
		813643812E38E96E00612EA9 /* CalculateFilter.swift */ = {isa = PBXFileReference; lastKnownFileType = sourcecode.swift; path = CalculateFilter.swift; sourceTree = "<group>"; };
		813643822E38E96E00612EA9 /* EffortFilter.swift */ = {isa = PBXFileReference; lastKnownFileType = sourcecode.swift; path = EffortFilter.swift; sourceTree = "<group>"; };
		813643832E38E96E00612EA9 /* IndividualFilter.swift */ = {isa = PBXFileReference; lastKnownFileType = sourcecode.swift; path = IndividualFilter.swift; sourceTree = "<group>"; };
		813643842E38E96E00612EA9 /* RankFilter.swift */ = {isa = PBXFileReference; lastKnownFileType = sourcecode.swift; path = RankFilter.swift; sourceTree = "<group>"; };
		8136438A2E38E97400612EA9 /* StatsFilter.swift */ = {isa = PBXFileReference; lastKnownFileType = sourcecode.swift; path = StatsFilter.swift; sourceTree = "<group>"; };
		813643902E38EAF400612EA9 /* MyPokemonListCellView.swift */ = {isa = PBXFileReference; lastKnownFileType = sourcecode.swift; path = MyPokemonListCellView.swift; sourceTree = "<group>"; };
		813643932E39209800612EA9 /* CalculatorFeature.swift */ = {isa = PBXFileReference; lastKnownFileType = sourcecode.swift; path = CalculatorFeature.swift; sourceTree = "<group>"; };
		813643982E3A0DC600612EA9 /* PokemonInfo.swift */ = {isa = PBXFileReference; lastKnownFileType = sourcecode.swift; path = PokemonInfo.swift; sourceTree = "<group>"; };
		813643A22E3A3B8000612EA9 /* DefenseFeature.swift */ = {isa = PBXFileReference; lastKnownFileType = sourcecode.swift; path = DefenseFeature.swift; sourceTree = "<group>"; };
		813643A32E3A3B8000612EA9 /* PowerFeature.swift */ = {isa = PBXFileReference; lastKnownFileType = sourcecode.swift; path = PowerFeature.swift; sourceTree = "<group>"; };
		8149E53D2E296B7C00B78CB2 /* PokeDex_ProjectApp.swift */ = {isa = PBXFileReference; lastKnownFileType = sourcecode.swift; path = PokeDex_ProjectApp.swift; sourceTree = "<group>"; };
		8149E5402E296B8000B78CB2 /* EvolutionTo.swift */ = {isa = PBXFileReference; lastKnownFileType = sourcecode.swift; path = EvolutionTo.swift; sourceTree = "<group>"; };
		8149E5422E296B8000B78CB2 /* Base.swift */ = {isa = PBXFileReference; lastKnownFileType = sourcecode.swift; path = Base.swift; sourceTree = "<group>"; };
		8149E5432E296B8000B78CB2 /* Dex.swift */ = {isa = PBXFileReference; lastKnownFileType = sourcecode.swift; path = Dex.swift; sourceTree = "<group>"; };
		8149E5442E296B8000B78CB2 /* TextEntries.swift */ = {isa = PBXFileReference; lastKnownFileType = sourcecode.swift; path = TextEntries.swift; sourceTree = "<group>"; };
		8149E5462E296B8000B78CB2 /* Pokemon.swift */ = {isa = PBXFileReference; lastKnownFileType = sourcecode.swift; path = Pokemon.swift; sourceTree = "<group>"; };
		8149E5472E296B8000B78CB2 /* PokemonList.swift */ = {isa = PBXFileReference; lastKnownFileType = sourcecode.swift; path = PokemonList.swift; sourceTree = "<group>"; };
		8149E5492E296B8000B78CB2 /* RealmPokemon.swift */ = {isa = PBXFileReference; lastKnownFileType = sourcecode.swift; path = RealmPokemon.swift; sourceTree = "<group>"; };
		8149E54B2E296B8000B78CB2 /* Abilites.swift */ = {isa = PBXFileReference; lastKnownFileType = sourcecode.swift; path = Abilites.swift; sourceTree = "<group>"; };
		8149E54C2E296B8000B78CB2 /* Form.swift */ = {isa = PBXFileReference; lastKnownFileType = sourcecode.swift; path = Form.swift; sourceTree = "<group>"; };
		8149E54E2E296B8000B78CB2 /* Varieties.swift */ = {isa = PBXFileReference; lastKnownFileType = sourcecode.swift; path = Varieties.swift; sourceTree = "<group>"; };
		8149E5502E296B8000B78CB2 /* Response.swift */ = {isa = PBXFileReference; lastKnownFileType = sourcecode.swift; path = Response.swift; sourceTree = "<group>"; };
		8149E5522E296B8000B78CB2 /* PokemonDetailsClient.swift */ = {isa = PBXFileReference; lastKnownFileType = sourcecode.swift; path = PokemonDetailsClient.swift; sourceTree = "<group>"; };
		8149E5532E296B8000B78CB2 /* PokemonListClient.swift */ = {isa = PBXFileReference; lastKnownFileType = sourcecode.swift; path = PokemonListClient.swift; sourceTree = "<group>"; };
		8149E5552E296B8000B78CB2 /* Router.swift */ = {isa = PBXFileReference; lastKnownFileType = sourcecode.swift; path = Router.swift; sourceTree = "<group>"; };
		8149E5572E296B8000B78CB2 /* PokemonDetailsRouter.swift */ = {isa = PBXFileReference; lastKnownFileType = sourcecode.swift; path = PokemonDetailsRouter.swift; sourceTree = "<group>"; };
		8149E5582E296B8000B78CB2 /* PokemonListRouter.swift */ = {isa = PBXFileReference; lastKnownFileType = sourcecode.swift; path = PokemonListRouter.swift; sourceTree = "<group>"; };
		8149E55A2E296B8000B78CB2 /* HTTPMethod.swift */ = {isa = PBXFileReference; lastKnownFileType = sourcecode.swift; path = HTTPMethod.swift; sourceTree = "<group>"; };
		8149E55C2E296B8000B78CB2 /* RealmClient.swift */ = {isa = PBXFileReference; lastKnownFileType = sourcecode.swift; path = RealmClient.swift; sourceTree = "<group>"; };
		8149E55E2E296B8000B78CB2 /* RealmObject.swift */ = {isa = PBXFileReference; lastKnownFileType = sourcecode.swift; path = RealmObject.swift; sourceTree = "<group>"; };
		8149E5612E296B8000B78CB2 /* NetworkError.swift */ = {isa = PBXFileReference; lastKnownFileType = sourcecode.swift; path = NetworkError.swift; sourceTree = "<group>"; };
		8149E5622E296B8000B78CB2 /* RealmError.swift */ = {isa = PBXFileReference; lastKnownFileType = sourcecode.swift; path = RealmError.swift; sourceTree = "<group>"; };
		8149E5642E296B8000B78CB2 /* URLSession+Extension.swift */ = {isa = PBXFileReference; lastKnownFileType = sourcecode.swift; path = "URLSession+Extension.swift"; sourceTree = "<group>"; };
		8149E5812E296B8300B78CB2 /* MainFeature.swift */ = {isa = PBXFileReference; lastKnownFileType = sourcecode.swift; path = MainFeature.swift; sourceTree = "<group>"; };
		8149E5832E296B8300B78CB2 /* SearchBoardFeature.swift */ = {isa = PBXFileReference; lastKnownFileType = sourcecode.swift; path = SearchBoardFeature.swift; sourceTree = "<group>"; };
		8149E5852E296B8300B78CB2 /* Types.swift */ = {isa = PBXFileReference; lastKnownFileType = sourcecode.swift; path = Types.swift; sourceTree = "<group>"; };
		8149E5872E296B8300B78CB2 /* MainView.swift */ = {isa = PBXFileReference; lastKnownFileType = sourcecode.swift; path = MainView.swift; sourceTree = "<group>"; };
		8149E5892E296B8300B78CB2 /* SearchBoardView.swift */ = {isa = PBXFileReference; lastKnownFileType = sourcecode.swift; path = SearchBoardView.swift; sourceTree = "<group>"; };
		8149E5992E2B545800B78CB2 /* Assets.xcassets */ = {isa = PBXFileReference; lastKnownFileType = folder.assetcatalog; path = Assets.xcassets; sourceTree = "<group>"; };
		8149E59A2E2B545800B78CB2 /* Config.swift */ = {isa = PBXFileReference; lastKnownFileType = sourcecode.swift; path = Config.swift; sourceTree = "<group>"; };
		8149E59B2E2B545800B78CB2 /* Config.xcconfig */ = {isa = PBXFileReference; lastKnownFileType = text.xcconfig; path = Config.xcconfig; sourceTree = "<group>"; };
		8149E59C2E2B545800B78CB2 /* PokeDex-Project-Info.plist */ = {isa = PBXFileReference; lastKnownFileType = text.plist.xml; path = "PokeDex-Project-Info.plist"; sourceTree = "<group>"; };
		8149E5BE2E2B88D900B78CB2 /* RegionListFeature.swift */ = {isa = PBXFileReference; lastKnownFileType = sourcecode.swift; path = RegionListFeature.swift; sourceTree = "<group>"; };
		8149E5BF2E2B88D900B78CB2 /* TabBarFeature.swift */ = {isa = PBXFileReference; lastKnownFileType = sourcecode.swift; path = TabBarFeature.swift; sourceTree = "<group>"; };
		8149E5C12E2B88D900B78CB2 /* TabFilter.swift */ = {isa = PBXFileReference; lastKnownFileType = sourcecode.swift; path = TabFilter.swift; sourceTree = "<group>"; };
		8149E5C32E2B88D900B78CB2 /* RegionListView.swift */ = {isa = PBXFileReference; lastKnownFileType = sourcecode.swift; path = RegionListView.swift; sourceTree = "<group>"; };
		8149E5C42E2B88D900B78CB2 /* TabBarView.swift */ = {isa = PBXFileReference; lastKnownFileType = sourcecode.swift; path = TabBarView.swift; sourceTree = "<group>"; };
		8149E5CE2E2B8A7E00B78CB2 /* PokemonCellView.swift */ = {isa = PBXFileReference; lastKnownFileType = sourcecode.swift; path = PokemonCellView.swift; sourceTree = "<group>"; };
		8149E5D02E2B8B2B00B78CB2 /* String+Extension.swift */ = {isa = PBXFileReference; lastKnownFileType = sourcecode.swift; path = "String+Extension.swift"; sourceTree = "<group>"; };
		8149E5D52E2B914000B78CB2 /* PokemonCellFeature.swift */ = {isa = PBXFileReference; lastKnownFileType = sourcecode.swift; path = PokemonCellFeature.swift; sourceTree = "<group>"; };
		81A06DB12E2F419E00D830A8 /* View+Extension.swift */ = {isa = PBXFileReference; lastKnownFileType = sourcecode.swift; path = "View+Extension.swift"; sourceTree = "<group>"; };
		81A06DB82E2F678900D830A8 /* SearchBar.swift */ = {isa = PBXFileReference; lastKnownFileType = sourcecode.swift; path = SearchBar.swift; sourceTree = "<group>"; };
		D639CE142BF4CCD1002E0B5D /* CustomData.swift */ = {isa = PBXFileReference; lastKnownFileType = sourcecode.swift; path = CustomData.swift; sourceTree = "<group>"; };
		D639CE172BF4D6AC002E0B5D /* RegionFilter.swift */ = {isa = PBXFileReference; lastKnownFileType = sourcecode.swift; path = RegionFilter.swift; sourceTree = "<group>"; };
		D639CE1B2BF702ED002E0B5D /* TypeFilter.swift */ = {isa = PBXFileReference; lastKnownFileType = sourcecode.swift; path = TypeFilter.swift; sourceTree = "<group>"; };
		D639CE282BF77996002E0B5D /* TypesView.swift */ = {isa = PBXFileReference; lastKnownFileType = sourcecode.swift; path = TypesView.swift; sourceTree = "<group>"; };
		D679C10A2BFB410700223D6D /* EvolutionTreeNodeView.swift */ = {isa = PBXFileReference; lastKnownFileType = sourcecode.swift; path = EvolutionTreeNodeView.swift; sourceTree = "<group>"; };
		D679C1162BFCAD8000223D6D /* CalculateView.swift */ = {isa = PBXFileReference; lastKnownFileType = sourcecode.swift; path = CalculateView.swift; sourceTree = "<group>"; };
/* End PBXFileReference section */

/* Begin PBXFrameworksBuildPhase section */
		8123985129F2865A00B7D560 /* Frameworks */ = {
			isa = PBXFrameworksBuildPhase;
			buildActionMask = 2147483647;
			files = (
				D68F1DFC2BAAAC000086BC9C /* Kingfisher in Frameworks */,
				81E3AFC32E2781F7009B579C /* ComposableArchitecture in Frameworks */,
				D6E331D12C04838B00C79D22 /* GoogleMobileAds in Frameworks */,
				D68F1DF92BAAABF80086BC9C /* RealmSwift in Frameworks */,
				D68F1DF72BAAABF80086BC9C /* Realm in Frameworks */,
			);
			runOnlyForDeploymentPostprocessing = 0;
		};
		8123986129F2865C00B7D560 /* Frameworks */ = {
			isa = PBXFrameworksBuildPhase;
			buildActionMask = 2147483647;
			files = (
			);
			runOnlyForDeploymentPostprocessing = 0;
		};
		8123986B29F2865C00B7D560 /* Frameworks */ = {
			isa = PBXFrameworksBuildPhase;
			buildActionMask = 2147483647;
			files = (
			);
			runOnlyForDeploymentPostprocessing = 0;
		};
/* End PBXFrameworksBuildPhase section */

/* Begin PBXGroup section */
		8116819E2E37571D00E50958 /* SubFeature */ = {
			isa = PBXGroup;
			children = (
				8116819D2E37571D00E50958 /* EvolutionTreeFeature.swift */,
			);
			path = SubFeature;
			sourceTree = "<group>";
		};
		811681A22E37BAF200E50958 /* Feature */ = {
			isa = PBXGroup;
			children = (
				811681A62E37BB0200E50958 /* MyPokemonListFeature.swift */,
			);
			path = Feature;
			sourceTree = "<group>";
		};
		811681A42E37BAF400E50958 /* View */ = {
			isa = PBXGroup;
			children = (
				813643912E38EAF400612EA9 /* SubView */,
				811681A32E37BAF400E50958 /* MyPokemonListView.swift */,
			);
			path = View;
			sourceTree = "<group>";
		};
		8123984B29F2865A00B7D560 = {
			isa = PBXGroup;
			children = (
				8123985629F2865A00B7D560 /* PokeDex_Project */,
				8123986729F2865C00B7D560 /* PokeDex_ProjectTests */,
				8123987129F2865C00B7D560 /* PokeDex_ProjectUITests */,
				8123985529F2865A00B7D560 /* Products */,
				D6B0B98F2BAA9C7900E782F2 /* Frameworks */,
			);
			sourceTree = "<group>";
		};
		8123985529F2865A00B7D560 /* Products */ = {
			isa = PBXGroup;
			children = (
				8123985429F2865A00B7D560 /* PokeDex_Project.app */,
				8123986429F2865C00B7D560 /* PokeDex_ProjectTests.xctest */,
				8123986E29F2865C00B7D560 /* PokeDex_ProjectUITests.xctest */,
			);
			name = Products;
			sourceTree = "<group>";
		};
		8123985629F2865A00B7D560 /* PokeDex_Project */ = {
			isa = PBXGroup;
			children = (
				8149E53E2E296B7C00B78CB2 /* App */,
				8149E5672E296B8000B78CB2 /* Shared */,
				8149E58F2E296B8300B78CB2 /* Features */,
				8149E59D2E2B545800B78CB2 /* Resources */,
				8123985D29F2865B00B7D560 /* Preview Content */,
			);
			path = PokeDex_Project;
			sourceTree = "<group>";
		};
		8123985D29F2865B00B7D560 /* Preview Content */ = {
			isa = PBXGroup;
			children = (
				8123985E29F2865B00B7D560 /* Preview Assets.xcassets */,
			);
			path = "Preview Content";
			sourceTree = "<group>";
		};
		8123986729F2865C00B7D560 /* PokeDex_ProjectTests */ = {
			isa = PBXGroup;
			children = (
				8123986829F2865C00B7D560 /* PokeDex_ProjectTests.swift */,
			);
			path = PokeDex_ProjectTests;
			sourceTree = "<group>";
		};
		8123987129F2865C00B7D560 /* PokeDex_ProjectUITests */ = {
			isa = PBXGroup;
			children = (
				8123987229F2865C00B7D560 /* PokeDex_ProjectUITests.swift */,
				8123987429F2865C00B7D560 /* PokeDex_ProjectUITestsLaunchTests.swift */,
			);
			path = PokeDex_ProjectUITests;
			sourceTree = "<group>";
		};
		8127AC7C2E2F83C70020D7B3 /* SubView */ = {
			isa = PBXGroup;
			children = (
				D679C10A2BFB410700223D6D /* EvolutionTreeNodeView.swift */,
				8127AC7B2E2F83C70020D7B3 /* AdBannerView.swift */,
				8127AC892E2FA2B80020D7B3 /* InfoRowView.swift */,
				8127AC8B2E2FC7EB0020D7B3 /* KeyValueListView.swift */,
			);
			path = SubView;
			sourceTree = "<group>";
		};
		8127AC7E2E2F83C70020D7B3 /* View */ = {
			isa = PBXGroup;
			children = (
				8127AC7C2E2F83C70020D7B3 /* SubView */,
				8127AC7D2E2F83C70020D7B3 /* PokemonDetailsView.swift */,
			);
			path = View;
			sourceTree = "<group>";
		};
		8127AC812E2F83CB0020D7B3 /* Feature */ = {
			isa = PBXGroup;
			children = (
				8116819E2E37571D00E50958 /* SubFeature */,
				8127AC872E2F862B0020D7B3 /* PokemonDetailsFeature.swift */,
			);
			path = Feature;
			sourceTree = "<group>";
		};
		8127AC842E2F84A00020D7B3 /* Modifier */ = {
			isa = PBXGroup;
			children = (
				8127AC822E2F84A00020D7B3 /* DidLoadModifier.swift */,
				8127AC832E2F84A00020D7B3 /* VisibleModifier.swift */,
			);
			path = Modifier;
			sourceTree = "<group>";
		};
		812E71052E4071E500122931 /* Components */ = {
			isa = PBXGroup;
			children = (
				812E71022E4071E500122931 /* CheckBox.swift */,
				812E71032E4071E500122931 /* CustomPicker.swift */,
				812E71042E4071E500122931 /* NumericalCellView.swift */,
			);
			path = Components;
			sourceTree = "<group>";
		};
		812E710F2E40726800122931 /* Option */ = {
			isa = PBXGroup;
			children = (
				812E710A2E40726800122931 /* AttackCategory.swift */,
				812E711D2E41E11E00122931 /* CompatibilityCategory.swift */,
				812E710E2E40726800122931 /* WeatherCondition.swift */,
				812E710D2E40726800122931 /* StatusCondition.swift */,
				812E71152E4072B300122931 /* TerrainCondition.swift */,
				812E710B2E40726800122931 /* PokemonAbility.swift */,
				812E710C2E40726800122931 /* PokemonItem.swift */,
				812E71172E40762900122931 /* BattleModifierType.swift */,
			);
			path = Option;
			sourceTree = "<group>";
		};
		813643762E38E90D00612EA9 /* SubView */ = {
			isa = PBXGroup;
			children = (
				813643752E38E90D00612EA9 /* SplashView.swift */,
			);
			path = SubView;
			sourceTree = "<group>";
		};
		813643782E38E91100612EA9 /* Feature */ = {
			isa = PBXGroup;
			children = (
				813643A42E3A3B8000612EA9 /* SubFeature */,
				813643932E39209800612EA9 /* CalculatorFeature.swift */,
			);
			path = Feature;
			sourceTree = "<group>";
		};
		8136437B2E38E91400612EA9 /* SubView */ = {
			isa = PBXGroup;
			children = (
				813643792E38E91400612EA9 /* DefenseView.swift */,
				8136437A2E38E91400612EA9 /* PowerView.swift */,
			);
			path = SubView;
			sourceTree = "<group>";
		};
		8136437C2E38E91400612EA9 /* View */ = {
			isa = PBXGroup;
			children = (
				8136437B2E38E91400612EA9 /* SubView */,
				D679C1162BFCAD8000223D6D /* CalculateView.swift */,
			);
			path = View;
			sourceTree = "<group>";
		};
		813643912E38EAF400612EA9 /* SubView */ = {
			isa = PBXGroup;
			children = (
				813643902E38EAF400612EA9 /* MyPokemonListCellView.swift */,
			);
			path = SubView;
			sourceTree = "<group>";
		};
		813643992E3A0DC600612EA9 /* Model */ = {
			isa = PBXGroup;
			children = (
				813643982E3A0DC600612EA9 /* PokemonInfo.swift */,
				812E71192E409D1900122931 /* PokemonValue.swift */,
				812E71212E42034A00122931 /* PokemonState.swift */,
			);
			path = Model;
			sourceTree = "<group>";
		};
		813643A42E3A3B8000612EA9 /* SubFeature */ = {
			isa = PBXGroup;
			children = (
				813643A22E3A3B8000612EA9 /* DefenseFeature.swift */,
				813643A32E3A3B8000612EA9 /* PowerFeature.swift */,
			);
			path = SubFeature;
			sourceTree = "<group>";
		};
		8149E53E2E296B7C00B78CB2 /* App */ = {
			isa = PBXGroup;
			children = (
				813643762E38E90D00612EA9 /* SubView */,
				8149E53D2E296B7C00B78CB2 /* PokeDex_ProjectApp.swift */,
			);
			path = App;
			sourceTree = "<group>";
		};
		8149E5412E296B8000B78CB2 /* Evolution */ = {
			isa = PBXGroup;
			children = (
				8149E5402E296B8000B78CB2 /* EvolutionTo.swift */,
			);
			path = Evolution;
			sourceTree = "<group>";
		};
		8149E5452E296B8000B78CB2 /* Child */ = {
			isa = PBXGroup;
			children = (
				8149E5422E296B8000B78CB2 /* Base.swift */,
				8149E5432E296B8000B78CB2 /* Dex.swift */,
				8149E5442E296B8000B78CB2 /* TextEntries.swift */,
			);
			path = Child;
			sourceTree = "<group>";
		};
		8149E5482E296B8000B78CB2 /* Pokemon */ = {
			isa = PBXGroup;
			children = (
				8149E5452E296B8000B78CB2 /* Child */,
				8149E5462E296B8000B78CB2 /* Pokemon.swift */,
				8149E5472E296B8000B78CB2 /* PokemonList.swift */,
			);
			path = Pokemon;
			sourceTree = "<group>";
		};
		8149E54A2E296B8000B78CB2 /* Realm */ = {
			isa = PBXGroup;
			children = (
				8149E5492E296B8000B78CB2 /* RealmPokemon.swift */,
			);
			path = Realm;
			sourceTree = "<group>";
		};
		8149E54D2E296B8000B78CB2 /* Child */ = {
			isa = PBXGroup;
			children = (
				8149E54B2E296B8000B78CB2 /* Abilites.swift */,
				8149E54C2E296B8000B78CB2 /* Form.swift */,
			);
			path = Child;
			sourceTree = "<group>";
		};
		8149E54F2E296B8000B78CB2 /* Varieties */ = {
			isa = PBXGroup;
			children = (
				8149E54D2E296B8000B78CB2 /* Child */,
				8149E54E2E296B8000B78CB2 /* Varieties.swift */,
			);
			path = Varieties;
			sourceTree = "<group>";
		};
		8149E5512E296B8000B78CB2 /* Entity */ = {
			isa = PBXGroup;
			children = (
				8149E5502E296B8000B78CB2 /* Response.swift */,
				8149E5482E296B8000B78CB2 /* Pokemon */,
				8149E54F2E296B8000B78CB2 /* Varieties */,
				8149E5412E296B8000B78CB2 /* Evolution */,
				8149E54A2E296B8000B78CB2 /* Realm */,
			);
			path = Entity;
			sourceTree = "<group>";
		};
		8149E5542E296B8000B78CB2 /* Client */ = {
			isa = PBXGroup;
			children = (
				8149E5522E296B8000B78CB2 /* PokemonDetailsClient.swift */,
				8149E5532E296B8000B78CB2 /* PokemonListClient.swift */,
			);
			path = Client;
			sourceTree = "<group>";
		};
		8149E5562E296B8000B78CB2 /* Interface */ = {
			isa = PBXGroup;
			children = (
				8149E5552E296B8000B78CB2 /* Router.swift */,
			);
			path = Interface;
			sourceTree = "<group>";
		};
		8149E5592E296B8000B78CB2 /* Router */ = {
			isa = PBXGroup;
			children = (
				8149E5572E296B8000B78CB2 /* PokemonDetailsRouter.swift */,
				8149E5582E296B8000B78CB2 /* PokemonListRouter.swift */,
			);
			path = Router;
			sourceTree = "<group>";
		};
		8149E55B2E296B8000B78CB2 /* Network */ = {
			isa = PBXGroup;
			children = (
				8149E55A2E296B8000B78CB2 /* HTTPMethod.swift */,
				8149E5542E296B8000B78CB2 /* Client */,
				8149E5562E296B8000B78CB2 /* Interface */,
				8149E5592E296B8000B78CB2 /* Router */,
			);
			path = Network;
			sourceTree = "<group>";
		};
		8149E55D2E296B8000B78CB2 /* Client */ = {
			isa = PBXGroup;
			children = (
				8149E55C2E296B8000B78CB2 /* RealmClient.swift */,
			);
			path = Client;
			sourceTree = "<group>";
		};
		8149E55F2E296B8000B78CB2 /* Object */ = {
			isa = PBXGroup;
			children = (
				8149E55E2E296B8000B78CB2 /* RealmObject.swift */,
			);
			path = Object;
			sourceTree = "<group>";
		};
		8149E5602E296B8000B78CB2 /* Realm */ = {
			isa = PBXGroup;
			children = (
				8149E55F2E296B8000B78CB2 /* Object */,
				8149E55D2E296B8000B78CB2 /* Client */,
			);
			path = Realm;
			sourceTree = "<group>";
		};
		8149E5632E296B8000B78CB2 /* Error */ = {
			isa = PBXGroup;
			children = (
				8149E5612E296B8000B78CB2 /* NetworkError.swift */,
				8149E5622E296B8000B78CB2 /* RealmError.swift */,
			);
			path = Error;
			sourceTree = "<group>";
		};
		8149E5652E296B8000B78CB2 /* Extension */ = {
			isa = PBXGroup;
			children = (
				8127AC8D2E3155DC0020D7B3 /* Color+Extension.swift */,
				8149E5642E296B8000B78CB2 /* URLSession+Extension.swift */,
				8149E5D02E2B8B2B00B78CB2 /* String+Extension.swift */,
				81A06DB12E2F419E00D830A8 /* View+Extension.swift */,
				8127AC8F2E315A480020D7B3 /* Int+Extension.swift */,
				8127AC912E315BBF0020D7B3 /* Optional+Extension.swift */,
				8127AC932E315EE90020D7B3 /* Array+Extension.swift */,
				812E711B2E40B81300122931 /* Double+Extension.swift */,
				812E711F2E41F6B300122931 /* Font+Extension.swift */,
			);
			path = Extension;
			sourceTree = "<group>";
		};
		8149E5672E296B8000B78CB2 /* Shared */ = {
			isa = PBXGroup;
			children = (
				D639CE272BF7797E002E0B5D /* Components */,
				8127AC842E2F84A00020D7B3 /* Modifier */,
				8149E5512E296B8000B78CB2 /* Entity */,
				8149E55B2E296B8000B78CB2 /* Network */,
				8149E5602E296B8000B78CB2 /* Realm */,
				8149E5632E296B8000B78CB2 /* Error */,
				8149E5652E296B8000B78CB2 /* Extension */,
				D639CE132BF4CCC3002E0B5D /* Custom */,
				D639CE162BF4D698002E0B5D /* Filter */,
			);
			path = Shared;
			sourceTree = "<group>";
		};
		8149E57E2E296B8300B78CB2 /* MyPokemon */ = {
			isa = PBXGroup;
			children = (
				811681A22E37BAF200E50958 /* Feature */,
				811681A42E37BAF400E50958 /* View */,
			);
			path = MyPokemon;
			sourceTree = "<group>";
		};
		8149E57F2E296B8300B78CB2 /* Calculator */ = {
			isa = PBXGroup;
			children = (
				812E710F2E40726800122931 /* Option */,
				812E71052E4071E500122931 /* Components */,
				813643992E3A0DC600612EA9 /* Model */,
				813643782E38E91100612EA9 /* Feature */,
				8136437C2E38E91400612EA9 /* View */,
			);
			path = Calculator;
			sourceTree = "<group>";
		};
		8149E5802E296B8300B78CB2 /* Details */ = {
			isa = PBXGroup;
			children = (
				8127AC7E2E2F83C70020D7B3 /* View */,
				8127AC812E2F83CB0020D7B3 /* Feature */,
			);
			path = Details;
			sourceTree = "<group>";
		};
		8149E5842E296B8300B78CB2 /* Feature */ = {
			isa = PBXGroup;
			children = (
				8149E5D62E2B914000B78CB2 /* SubFeature */,
				8149E5812E296B8300B78CB2 /* MainFeature.swift */,
				8149E5832E296B8300B78CB2 /* SearchBoardFeature.swift */,
			);
			path = Feature;
			sourceTree = "<group>";
		};
		8149E5862E296B8300B78CB2 /* Models */ = {
			isa = PBXGroup;
			children = (
				8149E5852E296B8300B78CB2 /* Types.swift */,
			);
			path = Models;
			sourceTree = "<group>";
		};
		8149E58A2E296B8300B78CB2 /* View */ = {
			isa = PBXGroup;
			children = (
				8149E5CD2E2B89DA00B78CB2 /* SubView */,
				8149E5872E296B8300B78CB2 /* MainView.swift */,
				8149E5892E296B8300B78CB2 /* SearchBoardView.swift */,
			);
			path = View;
			sourceTree = "<group>";
		};
		8149E58B2E296B8300B78CB2 /* Main */ = {
			isa = PBXGroup;
			children = (
				8149E5862E296B8300B78CB2 /* Models */,
				8149E5842E296B8300B78CB2 /* Feature */,
				8149E58A2E296B8300B78CB2 /* View */,
			);
			path = Main;
			sourceTree = "<group>";
		};
		8149E58F2E296B8300B78CB2 /* Features */ = {
			isa = PBXGroup;
			children = (
				8149E57E2E296B8300B78CB2 /* MyPokemon */,
				8149E57F2E296B8300B78CB2 /* Calculator */,
				8149E5802E296B8300B78CB2 /* Details */,
				8149E58B2E296B8300B78CB2 /* Main */,
				8149E5C62E2B88D900B78CB2 /* TabBar */,
			);
			path = Features;
			sourceTree = "<group>";
		};
		8149E59D2E2B545800B78CB2 /* Resources */ = {
			isa = PBXGroup;
			children = (
				8149E5992E2B545800B78CB2 /* Assets.xcassets */,
				8149E59A2E2B545800B78CB2 /* Config.swift */,
				8149E59B2E2B545800B78CB2 /* Config.xcconfig */,
				8149E59C2E2B545800B78CB2 /* PokeDex-Project-Info.plist */,
			);
			path = Resources;
			sourceTree = "<group>";
		};
		8149E5C02E2B88D900B78CB2 /* Feature */ = {
			isa = PBXGroup;
			children = (
				8149E5BE2E2B88D900B78CB2 /* RegionListFeature.swift */,
				8149E5BF2E2B88D900B78CB2 /* TabBarFeature.swift */,
			);
			path = Feature;
			sourceTree = "<group>";
		};
		8149E5C52E2B88D900B78CB2 /* View */ = {
			isa = PBXGroup;
			children = (
				8149E5C32E2B88D900B78CB2 /* RegionListView.swift */,
				8149E5C42E2B88D900B78CB2 /* TabBarView.swift */,
			);
			path = View;
			sourceTree = "<group>";
		};
		8149E5C62E2B88D900B78CB2 /* TabBar */ = {
			isa = PBXGroup;
			children = (
				8149E5C02E2B88D900B78CB2 /* Feature */,
				8149E5C52E2B88D900B78CB2 /* View */,
			);
			path = TabBar;
			sourceTree = "<group>";
		};
		8149E5CD2E2B89DA00B78CB2 /* SubView */ = {
			isa = PBXGroup;
			children = (
				8149E5CE2E2B8A7E00B78CB2 /* PokemonCellView.swift */,
				81A06DB82E2F678900D830A8 /* SearchBar.swift */,
			);
			path = SubView;
			sourceTree = "<group>";
		};
		8149E5D62E2B914000B78CB2 /* SubFeature */ = {
			isa = PBXGroup;
			children = (
				8149E5D52E2B914000B78CB2 /* PokemonCellFeature.swift */,
			);
			path = SubFeature;
			sourceTree = "<group>";
		};
		D639CE132BF4CCC3002E0B5D /* Custom */ = {
			isa = PBXGroup;
			children = (
				D639CE142BF4CCD1002E0B5D /* CustomData.swift */,
			);
			path = Custom;
			sourceTree = "<group>";
		};
		D639CE162BF4D698002E0B5D /* Filter */ = {
			isa = PBXGroup;
			children = (
				8149E5C12E2B88D900B78CB2 /* TabFilter.swift */,
				D639CE172BF4D6AC002E0B5D /* RegionFilter.swift */,
				8136438A2E38E97400612EA9 /* StatsFilter.swift */,
				813643812E38E96E00612EA9 /* CalculateFilter.swift */,
				813643822E38E96E00612EA9 /* EffortFilter.swift */,
				813643832E38E96E00612EA9 /* IndividualFilter.swift */,
				813643842E38E96E00612EA9 /* RankFilter.swift */,
				D639CE1B2BF702ED002E0B5D /* TypeFilter.swift */,
			);
			path = Filter;
			sourceTree = "<group>";
		};
		D639CE272BF7797E002E0B5D /* Components */ = {
			isa = PBXGroup;
			children = (
				D639CE282BF77996002E0B5D /* TypesView.swift */,
			);
			path = Components;
			sourceTree = "<group>";
		};
		D6B0B98F2BAA9C7900E782F2 /* Frameworks */ = {
			isa = PBXGroup;
			children = (
			);
			name = Frameworks;
			sourceTree = "<group>";
		};
/* End PBXGroup section */

/* Begin PBXNativeTarget section */
		8123985329F2865A00B7D560 /* PokeDex_Project */ = {
			isa = PBXNativeTarget;
			buildConfigurationList = 8123987829F2865C00B7D560 /* Build configuration list for PBXNativeTarget "PokeDex_Project" */;
			buildPhases = (
				8123985029F2865A00B7D560 /* Sources */,
				8123985129F2865A00B7D560 /* Frameworks */,
				8123985229F2865A00B7D560 /* Resources */,
			);
			buildRules = (
			);
			dependencies = (
			);
			name = PokeDex_Project;
			packageProductDependencies = (
				D68F1DF62BAAABF80086BC9C /* Realm */,
				D68F1DF82BAAABF80086BC9C /* RealmSwift */,
				D68F1DFB2BAAAC000086BC9C /* Kingfisher */,
				D6E331D02C04838B00C79D22 /* GoogleMobileAds */,
				81E3AFC22E2781F7009B579C /* ComposableArchitecture */,
			);
			productName = PokeDex_Project;
			productReference = 8123985429F2865A00B7D560 /* PokeDex_Project.app */;
			productType = "com.apple.product-type.application";
		};
		8123986329F2865C00B7D560 /* PokeDex_ProjectTests */ = {
			isa = PBXNativeTarget;
			buildConfigurationList = 8123987B29F2865C00B7D560 /* Build configuration list for PBXNativeTarget "PokeDex_ProjectTests" */;
			buildPhases = (
				8123986029F2865C00B7D560 /* Sources */,
				8123986129F2865C00B7D560 /* Frameworks */,
				8123986229F2865C00B7D560 /* Resources */,
			);
			buildRules = (
			);
			dependencies = (
				8123986629F2865C00B7D560 /* PBXTargetDependency */,
			);
			name = PokeDex_ProjectTests;
			productName = PokeDex_ProjectTests;
			productReference = 8123986429F2865C00B7D560 /* PokeDex_ProjectTests.xctest */;
			productType = "com.apple.product-type.bundle.unit-test";
		};
		8123986D29F2865C00B7D560 /* PokeDex_ProjectUITests */ = {
			isa = PBXNativeTarget;
			buildConfigurationList = 8123987E29F2865C00B7D560 /* Build configuration list for PBXNativeTarget "PokeDex_ProjectUITests" */;
			buildPhases = (
				8123986A29F2865C00B7D560 /* Sources */,
				8123986B29F2865C00B7D560 /* Frameworks */,
				8123986C29F2865C00B7D560 /* Resources */,
			);
			buildRules = (
			);
			dependencies = (
				8123987029F2865C00B7D560 /* PBXTargetDependency */,
			);
			name = PokeDex_ProjectUITests;
			productName = PokeDex_ProjectUITests;
			productReference = 8123986E29F2865C00B7D560 /* PokeDex_ProjectUITests.xctest */;
			productType = "com.apple.product-type.bundle.ui-testing";
		};
/* End PBXNativeTarget section */

/* Begin PBXProject section */
		8123984C29F2865A00B7D560 /* Project object */ = {
			isa = PBXProject;
			attributes = {
				BuildIndependentTargetsInParallel = 1;
				LastSwiftUpdateCheck = 1430;
				LastUpgradeCheck = 1430;
				TargetAttributes = {
					8123985329F2865A00B7D560 = {
						CreatedOnToolsVersion = 14.3;
					};
					8123986329F2865C00B7D560 = {
						CreatedOnToolsVersion = 14.3;
						TestTargetID = 8123985329F2865A00B7D560;
					};
					8123986D29F2865C00B7D560 = {
						CreatedOnToolsVersion = 14.3;
						TestTargetID = 8123985329F2865A00B7D560;
					};
				};
			};
			buildConfigurationList = 8123984F29F2865A00B7D560 /* Build configuration list for PBXProject "PokeDex_Project" */;
			compatibilityVersion = "Xcode 14.0";
			developmentRegion = ko;
			hasScannedForEncodings = 0;
			knownRegions = (
				en,
				Base,
				ko,
			);
			mainGroup = 8123984B29F2865A00B7D560;
			packageReferences = (
				D68F1DF52BAAABF80086BC9C /* XCRemoteSwiftPackageReference "realm-swift" */,
				D68F1DFA2BAAAC000086BC9C /* XCRemoteSwiftPackageReference "Kingfisher" */,
				D6E331CF2C04838B00C79D22 /* XCRemoteSwiftPackageReference "swift-package-manager-google-mobile-ads" */,
				81E3AFC12E2781F7009B579C /* XCRemoteSwiftPackageReference "swift-composable-architecture" */,
			);
			productRefGroup = 8123985529F2865A00B7D560 /* Products */;
			projectDirPath = "";
			projectRoot = "";
			targets = (
				8123985329F2865A00B7D560 /* PokeDex_Project */,
				8123986329F2865C00B7D560 /* PokeDex_ProjectTests */,
				8123986D29F2865C00B7D560 /* PokeDex_ProjectUITests */,
			);
		};
/* End PBXProject section */

/* Begin PBXResourcesBuildPhase section */
		8123985229F2865A00B7D560 /* Resources */ = {
			isa = PBXResourcesBuildPhase;
			buildActionMask = 2147483647;
			files = (
				8123985F29F2865B00B7D560 /* Preview Assets.xcassets in Resources */,
				8149E59E2E2B545800B78CB2 /* Assets.xcassets in Resources */,
				8149E59F2E2B545800B78CB2 /* Config.xcconfig in Resources */,
				8149E5A02E2B545800B78CB2 /* PokeDex-Project-Info.plist in Resources */,
			);
			runOnlyForDeploymentPostprocessing = 0;
		};
		8123986229F2865C00B7D560 /* Resources */ = {
			isa = PBXResourcesBuildPhase;
			buildActionMask = 2147483647;
			files = (
			);
			runOnlyForDeploymentPostprocessing = 0;
		};
		8123986C29F2865C00B7D560 /* Resources */ = {
			isa = PBXResourcesBuildPhase;
			buildActionMask = 2147483647;
			files = (
			);
			runOnlyForDeploymentPostprocessing = 0;
		};
/* End PBXResourcesBuildPhase section */

/* Begin PBXSourcesBuildPhase section */
		8123985029F2865A00B7D560 /* Sources */ = {
			isa = PBXSourcesBuildPhase;
			buildActionMask = 2147483647;
			files = (
				812E711A2E409D1900122931 /* PokemonValue.swift in Sources */,
				D639CE292BF77996002E0B5D /* TypesView.swift in Sources */,
				8116819F2E37571D00E50958 /* EvolutionTreeFeature.swift in Sources */,
				D679C10B2BFB410700223D6D /* EvolutionTreeNodeView.swift in Sources */,
				8149E5C72E2B88D900B78CB2 /* RegionListFeature.swift in Sources */,
				8149E5C82E2B88D900B78CB2 /* TabBarFeature.swift in Sources */,
				8149E5C92E2B88D900B78CB2 /* TabFilter.swift in Sources */,
				8149E5CA2E2B88D900B78CB2 /* RegionListView.swift in Sources */,
				812E71062E4071E500122931 /* CheckBox.swift in Sources */,
				812E71072E4071E500122931 /* CustomPicker.swift in Sources */,
				812E71082E4071E500122931 /* NumericalCellView.swift in Sources */,
				8127AC8E2E3155DC0020D7B3 /* Color+Extension.swift in Sources */,
				8149E5CB2E2B88D900B78CB2 /* TabBarView.swift in Sources */,
				D639CE1C2BF702ED002E0B5D /* TypeFilter.swift in Sources */,
				81A06DB92E2F678900D830A8 /* SearchBar.swift in Sources */,
				D639CE182BF4D6AC002E0B5D /* RegionFilter.swift in Sources */,
				813643772E38E90D00612EA9 /* SplashView.swift in Sources */,
				8149E5D72E2B914000B78CB2 /* PokemonCellFeature.swift in Sources */,
				8149E53F2E296B7C00B78CB2 /* PokeDex_ProjectApp.swift in Sources */,
				8127AC8A2E2FA2B80020D7B3 /* InfoRowView.swift in Sources */,
				81A06DB22E2F419E00D830A8 /* View+Extension.swift in Sources */,
				8149E5D12E2B8B2B00B78CB2 /* String+Extension.swift in Sources */,
				8149E5682E296B8000B78CB2 /* EvolutionTo.swift in Sources */,
				8136437D2E38E91400612EA9 /* DefenseView.swift in Sources */,
				8136437E2E38E91400612EA9 /* PowerView.swift in Sources */,
				8149E5CF2E2B8A7E00B78CB2 /* PokemonCellView.swift in Sources */,
				8127AC942E315EE90020D7B3 /* Array+Extension.swift in Sources */,
				811681A72E37BB0200E50958 /* MyPokemonListFeature.swift in Sources */,
				8149E5692E296B8000B78CB2 /* Base.swift in Sources */,
				8149E56A2E296B8000B78CB2 /* Dex.swift in Sources */,
				8149E56B2E296B8000B78CB2 /* TextEntries.swift in Sources */,
				8149E56C2E296B8000B78CB2 /* Pokemon.swift in Sources */,
				812E71202E41F6B300122931 /* Font+Extension.swift in Sources */,
				8149E56D2E296B8000B78CB2 /* PokemonList.swift in Sources */,
				8149E56E2E296B8000B78CB2 /* RealmPokemon.swift in Sources */,
				8149E56F2E296B8000B78CB2 /* Abilites.swift in Sources */,
				8149E5702E296B8000B78CB2 /* Form.swift in Sources */,
				811681A52E37BAF400E50958 /* MyPokemonListView.swift in Sources */,
				8149E5712E296B8000B78CB2 /* Varieties.swift in Sources */,
				8149E5722E296B8000B78CB2 /* Response.swift in Sources */,
				813643A52E3A3B8000612EA9 /* DefenseFeature.swift in Sources */,
				813643A62E3A3B8000612EA9 /* PowerFeature.swift in Sources */,
				8127AC902E315A480020D7B3 /* Int+Extension.swift in Sources */,
				8149E5732E296B8000B78CB2 /* PokemonDetailsClient.swift in Sources */,
				812E71222E42034A00122931 /* PokemonState.swift in Sources */,
				812E71102E40726800122931 /* AttackCategory.swift in Sources */,
				812E711C2E40B81300122931 /* Double+Extension.swift in Sources */,
				812E71112E40726800122931 /* PokemonAbility.swift in Sources */,
				812E71122E40726800122931 /* PokemonItem.swift in Sources */,
				812E71132E40726800122931 /* StatusCondition.swift in Sources */,
				812E71142E40726800122931 /* WeatherCondition.swift in Sources */,
				8149E5742E296B8000B78CB2 /* PokemonListClient.swift in Sources */,
				8149E5752E296B8000B78CB2 /* Router.swift in Sources */,
				8149E5762E296B8000B78CB2 /* PokemonDetailsRouter.swift in Sources */,
				8127AC852E2F84A00020D7B3 /* DidLoadModifier.swift in Sources */,
				8136439A2E3A0DC600612EA9 /* PokemonInfo.swift in Sources */,
				812E711E2E41E11E00122931 /* CompatibilityCategory.swift in Sources */,
				812E71182E40762900122931 /* BattleModifierType.swift in Sources */,
				8127AC862E2F84A00020D7B3 /* VisibleModifier.swift in Sources */,
				813643922E38EAF400612EA9 /* MyPokemonListCellView.swift in Sources */,
				8149E5772E296B8000B78CB2 /* PokemonListRouter.swift in Sources */,
				8149E5782E296B8000B78CB2 /* HTTPMethod.swift in Sources */,
				8149E5792E296B8000B78CB2 /* RealmClient.swift in Sources */,
				8149E57A2E296B8000B78CB2 /* RealmObject.swift in Sources */,
				8127AC8C2E2FC7EB0020D7B3 /* KeyValueListView.swift in Sources */,
				8149E57B2E296B8000B78CB2 /* NetworkError.swift in Sources */,
				813643942E39209800612EA9 /* CalculatorFeature.swift in Sources */,
				8149E57C2E296B8000B78CB2 /* RealmError.swift in Sources */,
				8149E57D2E296B8000B78CB2 /* URLSession+Extension.swift in Sources */,
				8136438C2E38E97400612EA9 /* StatsFilter.swift in Sources */,
				8149E5902E296B8300B78CB2 /* MainFeature.swift in Sources */,
				8149E5922E296B8300B78CB2 /* SearchBoardFeature.swift in Sources */,
				8149E5932E296B8300B78CB2 /* Types.swift in Sources */,
				813643862E38E96E00612EA9 /* CalculateFilter.swift in Sources */,
				812E71162E4072B300122931 /* TerrainCondition.swift in Sources */,
				813643872E38E96E00612EA9 /* EffortFilter.swift in Sources */,
				813643882E38E96E00612EA9 /* IndividualFilter.swift in Sources */,
				813643892E38E96E00612EA9 /* RankFilter.swift in Sources */,
				8149E5942E296B8300B78CB2 /* MainView.swift in Sources */,
				8149E5A12E2B545800B78CB2 /* Config.swift in Sources */,
				8149E5962E296B8300B78CB2 /* SearchBoardView.swift in Sources */,
				D639CE152BF4CCD1002E0B5D /* CustomData.swift in Sources */,
				8127AC922E315BBF0020D7B3 /* Optional+Extension.swift in Sources */,
				D679C1172BFCAD8000223D6D /* CalculateView.swift in Sources */,
				8127AC7F2E2F83C70020D7B3 /* AdBannerView.swift in Sources */,
				8127AC802E2F83C70020D7B3 /* PokemonDetailsView.swift in Sources */,
				8127AC882E2F862B0020D7B3 /* PokemonDetailsFeature.swift in Sources */,
			);
			runOnlyForDeploymentPostprocessing = 0;
		};
		8123986029F2865C00B7D560 /* Sources */ = {
			isa = PBXSourcesBuildPhase;
			buildActionMask = 2147483647;
			files = (
				8123986929F2865C00B7D560 /* PokeDex_ProjectTests.swift in Sources */,
			);
			runOnlyForDeploymentPostprocessing = 0;
		};
		8123986A29F2865C00B7D560 /* Sources */ = {
			isa = PBXSourcesBuildPhase;
			buildActionMask = 2147483647;
			files = (
				8123987329F2865C00B7D560 /* PokeDex_ProjectUITests.swift in Sources */,
				8123987529F2865C00B7D560 /* PokeDex_ProjectUITestsLaunchTests.swift in Sources */,
			);
			runOnlyForDeploymentPostprocessing = 0;
		};
/* End PBXSourcesBuildPhase section */

/* Begin PBXTargetDependency section */
		8123986629F2865C00B7D560 /* PBXTargetDependency */ = {
			isa = PBXTargetDependency;
			target = 8123985329F2865A00B7D560 /* PokeDex_Project */;
			targetProxy = 8123986529F2865C00B7D560 /* PBXContainerItemProxy */;
		};
		8123987029F2865C00B7D560 /* PBXTargetDependency */ = {
			isa = PBXTargetDependency;
			target = 8123985329F2865A00B7D560 /* PokeDex_Project */;
			targetProxy = 8123986F29F2865C00B7D560 /* PBXContainerItemProxy */;
		};
/* End PBXTargetDependency section */

/* Begin XCBuildConfiguration section */
		8123987629F2865C00B7D560 /* Debug */ = {
			isa = XCBuildConfiguration;
			baseConfigurationReference = 8149E59B2E2B545800B78CB2 /* Config.xcconfig */;
			buildSettings = {
				ADSMOB_ID = "${ADSMOB_ID}";
				ALWAYS_SEARCH_USER_PATHS = NO;
				AWS_URL = "${AWS_URL}";
				CLANG_ANALYZER_NONNULL = YES;
				CLANG_ANALYZER_NUMBER_OBJECT_CONVERSION = YES_AGGRESSIVE;
				CLANG_CXX_LANGUAGE_STANDARD = "gnu++20";
				CLANG_ENABLE_MODULES = YES;
				CLANG_ENABLE_OBJC_ARC = YES;
				CLANG_ENABLE_OBJC_WEAK = YES;
				CLANG_WARN_BLOCK_CAPTURE_AUTORELEASING = YES;
				CLANG_WARN_BOOL_CONVERSION = YES;
				CLANG_WARN_COMMA = YES;
				CLANG_WARN_CONSTANT_CONVERSION = YES;
				CLANG_WARN_DEPRECATED_OBJC_IMPLEMENTATIONS = YES;
				CLANG_WARN_DIRECT_OBJC_ISA_USAGE = YES_ERROR;
				CLANG_WARN_DOCUMENTATION_COMMENTS = YES;
				CLANG_WARN_EMPTY_BODY = YES;
				CLANG_WARN_ENUM_CONVERSION = YES;
				CLANG_WARN_INFINITE_RECURSION = YES;
				CLANG_WARN_INT_CONVERSION = YES;
				CLANG_WARN_NON_LITERAL_NULL_CONVERSION = YES;
				CLANG_WARN_OBJC_IMPLICIT_RETAIN_SELF = YES;
				CLANG_WARN_OBJC_LITERAL_CONVERSION = YES;
				CLANG_WARN_OBJC_ROOT_CLASS = YES_ERROR;
				CLANG_WARN_QUOTED_INCLUDE_IN_FRAMEWORK_HEADER = YES;
				CLANG_WARN_RANGE_LOOP_ANALYSIS = YES;
				CLANG_WARN_STRICT_PROTOTYPES = YES;
				CLANG_WARN_SUSPICIOUS_MOVE = YES;
				CLANG_WARN_UNGUARDED_AVAILABILITY = YES_AGGRESSIVE;
				CLANG_WARN_UNREACHABLE_CODE = YES;
				CLANG_WARN__DUPLICATE_METHOD_MATCH = YES;
				COPY_PHASE_STRIP = NO;
				DEBUG_INFORMATION_FORMAT = dwarf;
				ENABLE_STRICT_OBJC_MSGSEND = YES;
				ENABLE_TESTABILITY = YES;
				GCC_C_LANGUAGE_STANDARD = gnu11;
				GCC_DYNAMIC_NO_PIC = NO;
				GCC_NO_COMMON_BLOCKS = YES;
				GCC_OPTIMIZATION_LEVEL = 0;
				GCC_PREPROCESSOR_DEFINITIONS = (
					"DEBUG=1",
					"$(inherited)",
				);
				GCC_WARN_64_TO_32_BIT_CONVERSION = YES;
				GCC_WARN_ABOUT_RETURN_TYPE = YES_ERROR;
				GCC_WARN_UNDECLARED_SELECTOR = YES;
				GCC_WARN_UNINITIALIZED_AUTOS = YES_AGGRESSIVE;
				GCC_WARN_UNUSED_FUNCTION = YES;
				GCC_WARN_UNUSED_VARIABLE = YES;
				IPHONEOS_DEPLOYMENT_TARGET = 16.0;
				LOCAL_URL = "${LOCAL_URL}";
				MTL_ENABLE_DEBUG_INFO = INCLUDE_SOURCE;
				MTL_FAST_MATH = YES;
				ONLY_ACTIVE_ARCH = YES;
				SDKROOT = iphoneos;
				SDK_ID = "${SDK_ID}";
				SWIFT_ACTIVE_COMPILATION_CONDITIONS = DEBUG;
				SWIFT_OPTIMIZATION_LEVEL = "-Onone";
			};
			name = Debug;
		};
		8123987729F2865C00B7D560 /* Release */ = {
			isa = XCBuildConfiguration;
			baseConfigurationReference = 8149E59B2E2B545800B78CB2 /* Config.xcconfig */;
			buildSettings = {
				ADSMOB_ID = "${ADSMOB_ID}";
				ALWAYS_SEARCH_USER_PATHS = NO;
				AWS_URL = "${AWS_URL}";
				CLANG_ANALYZER_NONNULL = YES;
				CLANG_ANALYZER_NUMBER_OBJECT_CONVERSION = YES_AGGRESSIVE;
				CLANG_CXX_LANGUAGE_STANDARD = "gnu++20";
				CLANG_ENABLE_MODULES = YES;
				CLANG_ENABLE_OBJC_ARC = YES;
				CLANG_ENABLE_OBJC_WEAK = YES;
				CLANG_WARN_BLOCK_CAPTURE_AUTORELEASING = YES;
				CLANG_WARN_BOOL_CONVERSION = YES;
				CLANG_WARN_COMMA = YES;
				CLANG_WARN_CONSTANT_CONVERSION = YES;
				CLANG_WARN_DEPRECATED_OBJC_IMPLEMENTATIONS = YES;
				CLANG_WARN_DIRECT_OBJC_ISA_USAGE = YES_ERROR;
				CLANG_WARN_DOCUMENTATION_COMMENTS = YES;
				CLANG_WARN_EMPTY_BODY = YES;
				CLANG_WARN_ENUM_CONVERSION = YES;
				CLANG_WARN_INFINITE_RECURSION = YES;
				CLANG_WARN_INT_CONVERSION = YES;
				CLANG_WARN_NON_LITERAL_NULL_CONVERSION = YES;
				CLANG_WARN_OBJC_IMPLICIT_RETAIN_SELF = YES;
				CLANG_WARN_OBJC_LITERAL_CONVERSION = YES;
				CLANG_WARN_OBJC_ROOT_CLASS = YES_ERROR;
				CLANG_WARN_QUOTED_INCLUDE_IN_FRAMEWORK_HEADER = YES;
				CLANG_WARN_RANGE_LOOP_ANALYSIS = YES;
				CLANG_WARN_STRICT_PROTOTYPES = YES;
				CLANG_WARN_SUSPICIOUS_MOVE = YES;
				CLANG_WARN_UNGUARDED_AVAILABILITY = YES_AGGRESSIVE;
				CLANG_WARN_UNREACHABLE_CODE = YES;
				CLANG_WARN__DUPLICATE_METHOD_MATCH = YES;
				COPY_PHASE_STRIP = NO;
				DEBUG_INFORMATION_FORMAT = "dwarf-with-dsym";
				ENABLE_NS_ASSERTIONS = NO;
				ENABLE_STRICT_OBJC_MSGSEND = YES;
				GCC_C_LANGUAGE_STANDARD = gnu11;
				GCC_NO_COMMON_BLOCKS = YES;
				GCC_WARN_64_TO_32_BIT_CONVERSION = YES;
				GCC_WARN_ABOUT_RETURN_TYPE = YES_ERROR;
				GCC_WARN_UNDECLARED_SELECTOR = YES;
				GCC_WARN_UNINITIALIZED_AUTOS = YES_AGGRESSIVE;
				GCC_WARN_UNUSED_FUNCTION = YES;
				GCC_WARN_UNUSED_VARIABLE = YES;
				IPHONEOS_DEPLOYMENT_TARGET = 16.0;
				LOCAL_URL = "${LOCAL_URL}";
				MTL_ENABLE_DEBUG_INFO = NO;
				MTL_FAST_MATH = YES;
				SDKROOT = iphoneos;
				SDK_ID = "${SDK_ID}";
				SWIFT_COMPILATION_MODE = wholemodule;
				SWIFT_OPTIMIZATION_LEVEL = "-O";
				VALIDATE_PRODUCT = YES;
			};
			name = Release;
		};
		8123987929F2865C00B7D560 /* Debug */ = {
			isa = XCBuildConfiguration;
			baseConfigurationReference = 8149E59B2E2B545800B78CB2 /* Config.xcconfig */;
			buildSettings = {
				ADSMOB_ID = "${ADSMOB_ID}";
				ASSETCATALOG_COMPILER_APPICON_NAME = AppIcon;
				ASSETCATALOG_COMPILER_GLOBAL_ACCENT_COLOR_NAME = AccentColor;
				AWS_URL = "${AWS_URL}";
				CODE_SIGN_STYLE = Automatic;
				CURRENT_PROJECT_VERSION = 21;
				DEVELOPMENT_ASSET_PATHS = "\"PokeDex_Project/Preview Content\"";
				DEVELOPMENT_TEAM = N676ZFA7W8;
				ENABLE_PREVIEWS = YES;
				GENERATE_INFOPLIST_FILE = YES;
				INFOPLIST_FILE = "PokeDex_Project/Resources/PokeDex-Project-Info.plist";
				INFOPLIST_KEY_CFBundleDisplayName = "포케덱스";
				INFOPLIST_KEY_LSApplicationCategoryType = "public.app-category.education";
				INFOPLIST_KEY_UIApplicationSceneManifest_Generation = YES;
				INFOPLIST_KEY_UIApplicationSupportsIndirectInputEvents = YES;
				INFOPLIST_KEY_UILaunchScreen_Generation = YES;
				INFOPLIST_KEY_UIStatusBarStyle = "";
				INFOPLIST_KEY_UISupportedInterfaceOrientations_iPad = "UIInterfaceOrientationPortrait UIInterfaceOrientationPortraitUpsideDown UIInterfaceOrientationLandscapeLeft UIInterfaceOrientationLandscapeRight";
				INFOPLIST_KEY_UISupportedInterfaceOrientations_iPhone = "UIInterfaceOrientationPortrait UIInterfaceOrientationLandscapeLeft UIInterfaceOrientationLandscapeRight";
				IPHONEOS_DEPLOYMENT_TARGET = 16.0;
				LD_RUNPATH_SEARCH_PATHS = (
					"$(inherited)",
					"@executable_path/Frameworks",
				);
				LOCAL_URL = "${LOCAL_URL}";
				MARKETING_VERSION = 2.1.5;
				PRODUCT_BUNDLE_IDENTIFIER = "quarang.PokeDex-Project";
				PRODUCT_NAME = "$(TARGET_NAME)";
				SDK_ID = "${SDK_ID}";
				SUPPORTED_PLATFORMS = "iphoneos iphonesimulator";
				SUPPORTS_MACCATALYST = NO;
				SUPPORTS_MAC_DESIGNED_FOR_IPHONE_IPAD = NO;
				SUPPORTS_XR_DESIGNED_FOR_IPHONE_IPAD = NO;
				SWIFT_EMIT_LOC_STRINGS = YES;
				SWIFT_VERSION = 5.0;
				TARGETED_DEVICE_FAMILY = "1,2";
			};
			name = Debug;
		};
		8123987A29F2865C00B7D560 /* Release */ = {
			isa = XCBuildConfiguration;
			baseConfigurationReference = 8149E59B2E2B545800B78CB2 /* Config.xcconfig */;
			buildSettings = {
				ADSMOB_ID = "${ADSMOB_ID}";
				ASSETCATALOG_COMPILER_APPICON_NAME = AppIcon;
				ASSETCATALOG_COMPILER_GLOBAL_ACCENT_COLOR_NAME = AccentColor;
				AWS_URL = "${AWS_URL}";
				CODE_SIGN_STYLE = Automatic;
				CURRENT_PROJECT_VERSION = 21;
				DEVELOPMENT_ASSET_PATHS = "\"PokeDex_Project/Preview Content\"";
				DEVELOPMENT_TEAM = N676ZFA7W8;
				ENABLE_PREVIEWS = YES;
				GENERATE_INFOPLIST_FILE = YES;
				INFOPLIST_FILE = "PokeDex_Project/Resources/PokeDex-Project-Info.plist";
				INFOPLIST_KEY_CFBundleDisplayName = "포케덱스";
				INFOPLIST_KEY_LSApplicationCategoryType = "public.app-category.education";
				INFOPLIST_KEY_UIApplicationSceneManifest_Generation = YES;
				INFOPLIST_KEY_UIApplicationSupportsIndirectInputEvents = YES;
				INFOPLIST_KEY_UILaunchScreen_Generation = YES;
				INFOPLIST_KEY_UIStatusBarStyle = "";
				INFOPLIST_KEY_UISupportedInterfaceOrientations_iPad = "UIInterfaceOrientationPortrait UIInterfaceOrientationPortraitUpsideDown UIInterfaceOrientationLandscapeLeft UIInterfaceOrientationLandscapeRight";
				INFOPLIST_KEY_UISupportedInterfaceOrientations_iPhone = "UIInterfaceOrientationPortrait UIInterfaceOrientationLandscapeLeft UIInterfaceOrientationLandscapeRight";
				IPHONEOS_DEPLOYMENT_TARGET = 16.0;
				LD_RUNPATH_SEARCH_PATHS = (
					"$(inherited)",
					"@executable_path/Frameworks",
				);
				LOCAL_URL = "${LOCAL_URL}";
				MARKETING_VERSION = 2.1.5;
				PRODUCT_BUNDLE_IDENTIFIER = "quarang.PokeDex-Project";
				PRODUCT_NAME = "$(TARGET_NAME)";
				SDK_ID = "${SDK_ID}";
				SUPPORTED_PLATFORMS = "iphoneos iphonesimulator";
				SUPPORTS_MACCATALYST = NO;
				SUPPORTS_MAC_DESIGNED_FOR_IPHONE_IPAD = NO;
				SUPPORTS_XR_DESIGNED_FOR_IPHONE_IPAD = NO;
				SWIFT_EMIT_LOC_STRINGS = YES;
				SWIFT_VERSION = 5.0;
				TARGETED_DEVICE_FAMILY = "1,2";
			};
			name = Release;
		};
		8123987C29F2865C00B7D560 /* Debug */ = {
			isa = XCBuildConfiguration;
			baseConfigurationReference = 8149E59B2E2B545800B78CB2 /* Config.xcconfig */;
			buildSettings = {
				ALWAYS_EMBED_SWIFT_STANDARD_LIBRARIES = YES;
				BUNDLE_LOADER = "$(TEST_HOST)";
				CODE_SIGN_STYLE = Automatic;
				CURRENT_PROJECT_VERSION = 1;
				DEVELOPMENT_TEAM = N676ZFA7W8;
				GENERATE_INFOPLIST_FILE = YES;
				IPHONEOS_DEPLOYMENT_TARGET = 16.4;
				MARKETING_VERSION = 1.0;
				PRODUCT_BUNDLE_IDENTIFIER = "quarang.PokeDex-ProjectTests";
				PRODUCT_NAME = "$(TARGET_NAME)";
				SWIFT_EMIT_LOC_STRINGS = NO;
				SWIFT_VERSION = 5.0;
				TARGETED_DEVICE_FAMILY = "1,2";
				TEST_HOST = "$(BUILT_PRODUCTS_DIR)/PokeDex_Project.app/$(BUNDLE_EXECUTABLE_FOLDER_PATH)/PokeDex_Project";
			};
			name = Debug;
		};
		8123987D29F2865C00B7D560 /* Release */ = {
			isa = XCBuildConfiguration;
			baseConfigurationReference = 8149E59B2E2B545800B78CB2 /* Config.xcconfig */;
			buildSettings = {
				ALWAYS_EMBED_SWIFT_STANDARD_LIBRARIES = YES;
				BUNDLE_LOADER = "$(TEST_HOST)";
				CODE_SIGN_STYLE = Automatic;
				CURRENT_PROJECT_VERSION = 1;
				DEVELOPMENT_TEAM = N676ZFA7W8;
				GENERATE_INFOPLIST_FILE = YES;
				IPHONEOS_DEPLOYMENT_TARGET = 16.4;
				MARKETING_VERSION = 1.0;
				PRODUCT_BUNDLE_IDENTIFIER = "quarang.PokeDex-ProjectTests";
				PRODUCT_NAME = "$(TARGET_NAME)";
				SWIFT_EMIT_LOC_STRINGS = NO;
				SWIFT_VERSION = 5.0;
				TARGETED_DEVICE_FAMILY = "1,2";
				TEST_HOST = "$(BUILT_PRODUCTS_DIR)/PokeDex_Project.app/$(BUNDLE_EXECUTABLE_FOLDER_PATH)/PokeDex_Project";
			};
			name = Release;
		};
		8123987F29F2865C00B7D560 /* Debug */ = {
			isa = XCBuildConfiguration;
			baseConfigurationReference = 8149E59B2E2B545800B78CB2 /* Config.xcconfig */;
			buildSettings = {
				ALWAYS_EMBED_SWIFT_STANDARD_LIBRARIES = YES;
				CODE_SIGN_STYLE = Automatic;
				CURRENT_PROJECT_VERSION = 1;
				DEVELOPMENT_TEAM = N676ZFA7W8;
				GENERATE_INFOPLIST_FILE = YES;
				MARKETING_VERSION = 1.0;
				PRODUCT_BUNDLE_IDENTIFIER = "quarang.PokeDex-ProjectUITests";
				PRODUCT_NAME = "$(TARGET_NAME)";
				SWIFT_EMIT_LOC_STRINGS = NO;
				SWIFT_VERSION = 5.0;
				TARGETED_DEVICE_FAMILY = "1,2";
				TEST_TARGET_NAME = PokeDex_Project;
			};
			name = Debug;
		};
		8123988029F2865C00B7D560 /* Release */ = {
			isa = XCBuildConfiguration;
			baseConfigurationReference = 8149E59B2E2B545800B78CB2 /* Config.xcconfig */;
			buildSettings = {
				ALWAYS_EMBED_SWIFT_STANDARD_LIBRARIES = YES;
				CODE_SIGN_STYLE = Automatic;
				CURRENT_PROJECT_VERSION = 1;
				DEVELOPMENT_TEAM = N676ZFA7W8;
				GENERATE_INFOPLIST_FILE = YES;
				MARKETING_VERSION = 1.0;
				PRODUCT_BUNDLE_IDENTIFIER = "quarang.PokeDex-ProjectUITests";
				PRODUCT_NAME = "$(TARGET_NAME)";
				SWIFT_EMIT_LOC_STRINGS = NO;
				SWIFT_VERSION = 5.0;
				TARGETED_DEVICE_FAMILY = "1,2";
				TEST_TARGET_NAME = PokeDex_Project;
			};
			name = Release;
		};
/* End XCBuildConfiguration section */

/* Begin XCConfigurationList section */
		8123984F29F2865A00B7D560 /* Build configuration list for PBXProject "PokeDex_Project" */ = {
			isa = XCConfigurationList;
			buildConfigurations = (
				8123987629F2865C00B7D560 /* Debug */,
				8123987729F2865C00B7D560 /* Release */,
			);
			defaultConfigurationIsVisible = 0;
			defaultConfigurationName = Release;
		};
		8123987829F2865C00B7D560 /* Build configuration list for PBXNativeTarget "PokeDex_Project" */ = {
			isa = XCConfigurationList;
			buildConfigurations = (
				8123987929F2865C00B7D560 /* Debug */,
				8123987A29F2865C00B7D560 /* Release */,
			);
			defaultConfigurationIsVisible = 0;
			defaultConfigurationName = Release;
		};
		8123987B29F2865C00B7D560 /* Build configuration list for PBXNativeTarget "PokeDex_ProjectTests" */ = {
			isa = XCConfigurationList;
			buildConfigurations = (
				8123987C29F2865C00B7D560 /* Debug */,
				8123987D29F2865C00B7D560 /* Release */,
			);
			defaultConfigurationIsVisible = 0;
			defaultConfigurationName = Release;
		};
		8123987E29F2865C00B7D560 /* Build configuration list for PBXNativeTarget "PokeDex_ProjectUITests" */ = {
			isa = XCConfigurationList;
			buildConfigurations = (
				8123987F29F2865C00B7D560 /* Debug */,
				8123988029F2865C00B7D560 /* Release */,
			);
			defaultConfigurationIsVisible = 0;
			defaultConfigurationName = Release;
		};
/* End XCConfigurationList section */

/* Begin XCRemoteSwiftPackageReference section */
		81E3AFC12E2781F7009B579C /* XCRemoteSwiftPackageReference "swift-composable-architecture" */ = {
			isa = XCRemoteSwiftPackageReference;
			repositoryURL = "https://github.com/pointfreeco/swift-composable-architecture.git";
			requirement = {
				kind = upToNextMajorVersion;
				minimumVersion = 1.20.2;
			};
		};
		D68F1DF52BAAABF80086BC9C /* XCRemoteSwiftPackageReference "realm-swift" */ = {
			isa = XCRemoteSwiftPackageReference;
			repositoryURL = "https://github.com/realm/realm-swift.git";
			requirement = {
				branch = master;
				kind = branch;
			};
		};
		D68F1DFA2BAAAC000086BC9C /* XCRemoteSwiftPackageReference "Kingfisher" */ = {
			isa = XCRemoteSwiftPackageReference;
			repositoryURL = "https://github.com/onevcat/Kingfisher.git";
			requirement = {
				kind = upToNextMajorVersion;
				minimumVersion = 7.11.0;
			};
		};
		D6E331CF2C04838B00C79D22 /* XCRemoteSwiftPackageReference "swift-package-manager-google-mobile-ads" */ = {
			isa = XCRemoteSwiftPackageReference;
			repositoryURL = "https://github.com/googleads/swift-package-manager-google-mobile-ads.git";
			requirement = {
				kind = upToNextMajorVersion;
				minimumVersion = 11.5.0;
			};
		};
/* End XCRemoteSwiftPackageReference section */

/* Begin XCSwiftPackageProductDependency section */
		81E3AFC22E2781F7009B579C /* ComposableArchitecture */ = {
			isa = XCSwiftPackageProductDependency;
			package = 81E3AFC12E2781F7009B579C /* XCRemoteSwiftPackageReference "swift-composable-architecture" */;
			productName = ComposableArchitecture;
		};
		D68F1DF62BAAABF80086BC9C /* Realm */ = {
			isa = XCSwiftPackageProductDependency;
			package = D68F1DF52BAAABF80086BC9C /* XCRemoteSwiftPackageReference "realm-swift" */;
			productName = Realm;
		};
		D68F1DF82BAAABF80086BC9C /* RealmSwift */ = {
			isa = XCSwiftPackageProductDependency;
			package = D68F1DF52BAAABF80086BC9C /* XCRemoteSwiftPackageReference "realm-swift" */;
			productName = RealmSwift;
		};
		D68F1DFB2BAAAC000086BC9C /* Kingfisher */ = {
			isa = XCSwiftPackageProductDependency;
			package = D68F1DFA2BAAAC000086BC9C /* XCRemoteSwiftPackageReference "Kingfisher" */;
			productName = Kingfisher;
		};
		D6E331D02C04838B00C79D22 /* GoogleMobileAds */ = {
			isa = XCSwiftPackageProductDependency;
			package = D6E331CF2C04838B00C79D22 /* XCRemoteSwiftPackageReference "swift-package-manager-google-mobile-ads" */;
			productName = GoogleMobileAds;
		};
/* End XCSwiftPackageProductDependency section */
	};
	rootObject = 8123984C29F2865A00B7D560 /* Project object */;
}
