// !$*UTF8*$!
{
	archiveVersion = 1;
	classes = {
	};
	objectVersion = 56;
	objects = {

/* Begin PBXBuildFile section */
		8123985829F2865A00B7D560 /* PokeDex_ProjectApp.swift in Sources */ = {isa = PBXBuildFile; fileRef = 8123985729F2865A00B7D560 /* PokeDex_ProjectApp.swift */; };
		8123985A29F2865A00B7D560 /* ContentView.swift in Sources */ = {isa = PBXBuildFile; fileRef = 8123985929F2865A00B7D560 /* ContentView.swift */; };
		8123985C29F2865B00B7D560 /* Assets.xcassets in Resources */ = {isa = PBXBuildFile; fileRef = 8123985B29F2865B00B7D560 /* Assets.xcassets */; };
		8123985F29F2865B00B7D560 /* Preview Assets.xcassets in Resources */ = {isa = PBXBuildFile; fileRef = 8123985E29F2865B00B7D560 /* Preview Assets.xcassets */; };
		8123986929F2865C00B7D560 /* PokeDex_ProjectTests.swift in Sources */ = {isa = PBXBuildFile; fileRef = 8123986829F2865C00B7D560 /* PokeDex_ProjectTests.swift */; };
		8123987329F2865C00B7D560 /* PokeDex_ProjectUITests.swift in Sources */ = {isa = PBXBuildFile; fileRef = 8123987229F2865C00B7D560 /* PokeDex_ProjectUITests.swift */; };
		8123987529F2865C00B7D560 /* PokeDex_ProjectUITestsLaunchTests.swift in Sources */ = {isa = PBXBuildFile; fileRef = 8123987429F2865C00B7D560 /* PokeDex_ProjectUITestsLaunchTests.swift */; };
		D639CDD62BEDEB2E002E0B5D /* StartView.swift in Sources */ = {isa = PBXBuildFile; fileRef = D639CDD52BEDEB2E002E0B5D /* StartView.swift */; };
		D639CDDA2BEDEB52002E0B5D /* StartView.swift in Sources */ = {isa = PBXBuildFile; fileRef = D639CDD92BEDEB52002E0B5D /* StartView.swift */; };
		D639CDDC2BEDEEFB002E0B5D /* MainView.swift in Sources */ = {isa = PBXBuildFile; fileRef = D639CDDB2BEDEEFB002E0B5D /* MainView.swift */; };
		D639CDDF2BEDF041002E0B5D /* Alamofire in Frameworks */ = {isa = PBXBuildFile; productRef = D639CDDE2BEDF041002E0B5D /* Alamofire */; };
		D639CDE22BEDF106002E0B5D /* APIClient.swift in Sources */ = {isa = PBXBuildFile; fileRef = D639CDE12BEDF106002E0B5D /* APIClient.swift */; };
		D639CDE62BEDF176002E0B5D /* APILogger.swift in Sources */ = {isa = PBXBuildFile; fileRef = D639CDE52BEDF176002E0B5D /* APILogger.swift */; };
		D639CDE82BEDF19D002E0B5D /* PokemonRouter.swift in Sources */ = {isa = PBXBuildFile; fileRef = D639CDE72BEDF19D002E0B5D /* PokemonRouter.swift */; };
		D639CDEC2BEDF3FB002E0B5D /* PokemonViewModel.swift in Sources */ = {isa = PBXBuildFile; fileRef = D639CDEB2BEDF3FB002E0B5D /* PokemonViewModel.swift */; };
		D639CE012BEDF4B9002E0B5D /* EvolutionTo.swift in Sources */ = {isa = PBXBuildFile; fileRef = D639CDED2BEDF4B9002E0B5D /* EvolutionTo.swift */; };
		D639CE022BEDF4B9002E0B5D /* Base.swift in Sources */ = {isa = PBXBuildFile; fileRef = D639CDEF2BEDF4B9002E0B5D /* Base.swift */; };
		D639CE032BEDF4B9002E0B5D /* Dex.swift in Sources */ = {isa = PBXBuildFile; fileRef = D639CDF02BEDF4B9002E0B5D /* Dex.swift */; };
		D639CE042BEDF4B9002E0B5D /* Pokemons.swift in Sources */ = {isa = PBXBuildFile; fileRef = D639CDF12BEDF4B9002E0B5D /* Pokemons.swift */; };
		D639CE052BEDF4B9002E0B5D /* TextEntries.swift in Sources */ = {isa = PBXBuildFile; fileRef = D639CDF22BEDF4B9002E0B5D /* TextEntries.swift */; };
		D639CE062BEDF4B9002E0B5D /* PokemonPages.swift in Sources */ = {isa = PBXBuildFile; fileRef = D639CDF42BEDF4B9002E0B5D /* PokemonPages.swift */; };
		D639CE072BEDF4B9002E0B5D /* PokemonsList.swift in Sources */ = {isa = PBXBuildFile; fileRef = D639CDF52BEDF4B9002E0B5D /* PokemonsList.swift */; };
		D639CE082BEDF4B9002E0B5D /* EvolutionResponse.swift in Sources */ = {isa = PBXBuildFile; fileRef = D639CDF72BEDF4B9002E0B5D /* EvolutionResponse.swift */; };
		D639CE092BEDF4B9002E0B5D /* PokemonResponse.swift in Sources */ = {isa = PBXBuildFile; fileRef = D639CDF82BEDF4B9002E0B5D /* PokemonResponse.swift */; };
		D639CE0A2BEDF4B9002E0B5D /* PokemonsListResponse.swift in Sources */ = {isa = PBXBuildFile; fileRef = D639CDF92BEDF4B9002E0B5D /* PokemonsListResponse.swift */; };
		D639CE0B2BEDF4B9002E0B5D /* VarietiesResponse.swift in Sources */ = {isa = PBXBuildFile; fileRef = D639CDFA2BEDF4B9002E0B5D /* VarietiesResponse.swift */; };
		D639CE0C2BEDF4B9002E0B5D /* Abilites.swift in Sources */ = {isa = PBXBuildFile; fileRef = D639CDFC2BEDF4B9002E0B5D /* Abilites.swift */; };
		D639CE0D2BEDF4B9002E0B5D /* Form.swift in Sources */ = {isa = PBXBuildFile; fileRef = D639CDFD2BEDF4B9002E0B5D /* Form.swift */; };
		D639CE0E2BEDF4B9002E0B5D /* Varieties.swift in Sources */ = {isa = PBXBuildFile; fileRef = D639CDFE2BEDF4B9002E0B5D /* Varieties.swift */; };
		D639CE112BEDF789002E0B5D /* PokemonApiService.swift in Sources */ = {isa = PBXBuildFile; fileRef = D639CE102BEDF789002E0B5D /* PokemonApiService.swift */; };
		D68F1DF72BAAABF80086BC9C /* Realm in Frameworks */ = {isa = PBXBuildFile; productRef = D68F1DF62BAAABF80086BC9C /* Realm */; };
		D68F1DF92BAAABF80086BC9C /* RealmSwift in Frameworks */ = {isa = PBXBuildFile; productRef = D68F1DF82BAAABF80086BC9C /* RealmSwift */; };
		D68F1DFC2BAAAC000086BC9C /* Kingfisher in Frameworks */ = {isa = PBXBuildFile; productRef = D68F1DFB2BAAAC000086BC9C /* Kingfisher */; };
/* End PBXBuildFile section */

/* Begin PBXContainerItemProxy section */
		8123986529F2865C00B7D560 /* PBXContainerItemProxy */ = {
			isa = PBXContainerItemProxy;
			containerPortal = 8123984C29F2865A00B7D560 /* Project object */;
			proxyType = 1;
			remoteGlobalIDString = 8123985329F2865A00B7D560;
			remoteInfo = PokeDex_Project;
		};
		8123986F29F2865C00B7D560 /* PBXContainerItemProxy */ = {
			isa = PBXContainerItemProxy;
			containerPortal = 8123984C29F2865A00B7D560 /* Project object */;
			proxyType = 1;
			remoteGlobalIDString = 8123985329F2865A00B7D560;
			remoteInfo = PokeDex_Project;
		};
/* End PBXContainerItemProxy section */

/* Begin PBXFileReference section */
		8123985429F2865A00B7D560 /* PokeDex_Project.app */ = {isa = PBXFileReference; explicitFileType = wrapper.application; includeInIndex = 0; path = PokeDex_Project.app; sourceTree = BUILT_PRODUCTS_DIR; };
		8123985729F2865A00B7D560 /* PokeDex_ProjectApp.swift */ = {isa = PBXFileReference; lastKnownFileType = sourcecode.swift; path = PokeDex_ProjectApp.swift; sourceTree = "<group>"; };
		8123985929F2865A00B7D560 /* ContentView.swift */ = {isa = PBXFileReference; lastKnownFileType = sourcecode.swift; path = ContentView.swift; sourceTree = "<group>"; };
		8123985B29F2865B00B7D560 /* Assets.xcassets */ = {isa = PBXFileReference; lastKnownFileType = folder.assetcatalog; path = Assets.xcassets; sourceTree = "<group>"; };
		8123985E29F2865B00B7D560 /* Preview Assets.xcassets */ = {isa = PBXFileReference; lastKnownFileType = folder.assetcatalog; path = "Preview Assets.xcassets"; sourceTree = "<group>"; };
		8123986429F2865C00B7D560 /* PokeDex_ProjectTests.xctest */ = {isa = PBXFileReference; explicitFileType = wrapper.cfbundle; includeInIndex = 0; path = PokeDex_ProjectTests.xctest; sourceTree = BUILT_PRODUCTS_DIR; };
		8123986829F2865C00B7D560 /* PokeDex_ProjectTests.swift */ = {isa = PBXFileReference; lastKnownFileType = sourcecode.swift; path = PokeDex_ProjectTests.swift; sourceTree = "<group>"; };
		8123986E29F2865C00B7D560 /* PokeDex_ProjectUITests.xctest */ = {isa = PBXFileReference; explicitFileType = wrapper.cfbundle; includeInIndex = 0; path = PokeDex_ProjectUITests.xctest; sourceTree = BUILT_PRODUCTS_DIR; };
		8123987229F2865C00B7D560 /* PokeDex_ProjectUITests.swift */ = {isa = PBXFileReference; lastKnownFileType = sourcecode.swift; path = PokeDex_ProjectUITests.swift; sourceTree = "<group>"; };
		8123987429F2865C00B7D560 /* PokeDex_ProjectUITestsLaunchTests.swift */ = {isa = PBXFileReference; lastKnownFileType = sourcecode.swift; path = PokeDex_ProjectUITestsLaunchTests.swift; sourceTree = "<group>"; };
		D639CDD52BEDEB2E002E0B5D /* StartView.swift */ = {isa = PBXFileReference; fileEncoding = 4; lastKnownFileType = sourcecode.swift; name = StartView.swift; path = "../../../../../Desktop/포켓몬 백업/StartView.swift"; sourceTree = "<group>"; };
		D639CDD92BEDEB52002E0B5D /* StartView.swift */ = {isa = PBXFileReference; lastKnownFileType = sourcecode.swift; name = StartView.swift; path = "../../../../../../Desktop/포켓몬 백업/StartView.swift"; sourceTree = "<group>"; };
		D639CDDB2BEDEEFB002E0B5D /* MainView.swift */ = {isa = PBXFileReference; lastKnownFileType = sourcecode.swift; path = MainView.swift; sourceTree = "<group>"; };
		D639CDE12BEDF106002E0B5D /* APIClient.swift */ = {isa = PBXFileReference; lastKnownFileType = sourcecode.swift; path = APIClient.swift; sourceTree = "<group>"; };
		D639CDE32BEDF14B002E0B5D /* Config.xcconfig */ = {isa = PBXFileReference; lastKnownFileType = text.xcconfig; path = Config.xcconfig; sourceTree = "<group>"; };
		D639CDE52BEDF176002E0B5D /* APILogger.swift */ = {isa = PBXFileReference; lastKnownFileType = sourcecode.swift; path = APILogger.swift; sourceTree = "<group>"; };
		D639CDE72BEDF19D002E0B5D /* PokemonRouter.swift */ = {isa = PBXFileReference; lastKnownFileType = sourcecode.swift; path = PokemonRouter.swift; sourceTree = "<group>"; };
		D639CDEB2BEDF3FB002E0B5D /* PokemonViewModel.swift */ = {isa = PBXFileReference; lastKnownFileType = sourcecode.swift; path = PokemonViewModel.swift; sourceTree = "<group>"; };
		D639CDED2BEDF4B9002E0B5D /* EvolutionTo.swift */ = {isa = PBXFileReference; fileEncoding = 4; lastKnownFileType = sourcecode.swift; path = EvolutionTo.swift; sourceTree = "<group>"; };
		D639CDEF2BEDF4B9002E0B5D /* Base.swift */ = {isa = PBXFileReference; fileEncoding = 4; lastKnownFileType = sourcecode.swift; path = Base.swift; sourceTree = "<group>"; };
		D639CDF02BEDF4B9002E0B5D /* Dex.swift */ = {isa = PBXFileReference; fileEncoding = 4; lastKnownFileType = sourcecode.swift; path = Dex.swift; sourceTree = "<group>"; };
		D639CDF12BEDF4B9002E0B5D /* Pokemons.swift */ = {isa = PBXFileReference; fileEncoding = 4; lastKnownFileType = sourcecode.swift; path = Pokemons.swift; sourceTree = "<group>"; };
		D639CDF22BEDF4B9002E0B5D /* TextEntries.swift */ = {isa = PBXFileReference; fileEncoding = 4; lastKnownFileType = sourcecode.swift; path = TextEntries.swift; sourceTree = "<group>"; };
		D639CDF42BEDF4B9002E0B5D /* PokemonPages.swift */ = {isa = PBXFileReference; fileEncoding = 4; lastKnownFileType = sourcecode.swift; path = PokemonPages.swift; sourceTree = "<group>"; };
		D639CDF52BEDF4B9002E0B5D /* PokemonsList.swift */ = {isa = PBXFileReference; fileEncoding = 4; lastKnownFileType = sourcecode.swift; path = PokemonsList.swift; sourceTree = "<group>"; };
		D639CDF72BEDF4B9002E0B5D /* EvolutionResponse.swift */ = {isa = PBXFileReference; fileEncoding = 4; lastKnownFileType = sourcecode.swift; path = EvolutionResponse.swift; sourceTree = "<group>"; };
		D639CDF82BEDF4B9002E0B5D /* PokemonResponse.swift */ = {isa = PBXFileReference; fileEncoding = 4; lastKnownFileType = sourcecode.swift; path = PokemonResponse.swift; sourceTree = "<group>"; };
		D639CDF92BEDF4B9002E0B5D /* PokemonsListResponse.swift */ = {isa = PBXFileReference; fileEncoding = 4; lastKnownFileType = sourcecode.swift; path = PokemonsListResponse.swift; sourceTree = "<group>"; };
		D639CDFA2BEDF4B9002E0B5D /* VarietiesResponse.swift */ = {isa = PBXFileReference; fileEncoding = 4; lastKnownFileType = sourcecode.swift; path = VarietiesResponse.swift; sourceTree = "<group>"; };
		D639CDFC2BEDF4B9002E0B5D /* Abilites.swift */ = {isa = PBXFileReference; fileEncoding = 4; lastKnownFileType = sourcecode.swift; path = Abilites.swift; sourceTree = "<group>"; };
		D639CDFD2BEDF4B9002E0B5D /* Form.swift */ = {isa = PBXFileReference; fileEncoding = 4; lastKnownFileType = sourcecode.swift; path = Form.swift; sourceTree = "<group>"; };
		D639CDFE2BEDF4B9002E0B5D /* Varieties.swift */ = {isa = PBXFileReference; fileEncoding = 4; lastKnownFileType = sourcecode.swift; path = Varieties.swift; sourceTree = "<group>"; };
		D639CE102BEDF789002E0B5D /* PokemonApiService.swift */ = {isa = PBXFileReference; lastKnownFileType = sourcecode.swift; path = PokemonApiService.swift; sourceTree = "<group>"; };
		D639CE122BEE44D2002E0B5D /* PokeDex-Project-Info.plist */ = {isa = PBXFileReference; lastKnownFileType = text.plist; path = "PokeDex-Project-Info.plist"; sourceTree = SOURCE_ROOT; };
/* End PBXFileReference section */

/* Begin PBXFrameworksBuildPhase section */
		8123985129F2865A00B7D560 /* Frameworks */ = {
			isa = PBXFrameworksBuildPhase;
			buildActionMask = 2147483647;
			files = (
				D68F1DFC2BAAAC000086BC9C /* Kingfisher in Frameworks */,
				D639CDDF2BEDF041002E0B5D /* Alamofire in Frameworks */,
				D68F1DF92BAAABF80086BC9C /* RealmSwift in Frameworks */,
				D68F1DF72BAAABF80086BC9C /* Realm in Frameworks */,
			);
			runOnlyForDeploymentPostprocessing = 0;
		};
		8123986129F2865C00B7D560 /* Frameworks */ = {
			isa = PBXFrameworksBuildPhase;
			buildActionMask = 2147483647;
			files = (
			);
			runOnlyForDeploymentPostprocessing = 0;
		};
		8123986B29F2865C00B7D560 /* Frameworks */ = {
			isa = PBXFrameworksBuildPhase;
			buildActionMask = 2147483647;
			files = (
			);
			runOnlyForDeploymentPostprocessing = 0;
		};
/* End PBXFrameworksBuildPhase section */

/* Begin PBXGroup section */
		8123984B29F2865A00B7D560 = {
			isa = PBXGroup;
			children = (
				8123985629F2865A00B7D560 /* PokeDex_Project */,
				8123986729F2865C00B7D560 /* PokeDex_ProjectTests */,
				8123987129F2865C00B7D560 /* PokeDex_ProjectUITests */,
				8123985529F2865A00B7D560 /* Products */,
				D6B0B98F2BAA9C7900E782F2 /* Frameworks */,
			);
			sourceTree = "<group>";
		};
		8123985529F2865A00B7D560 /* Products */ = {
			isa = PBXGroup;
			children = (
				8123985429F2865A00B7D560 /* PokeDex_Project.app */,
				8123986429F2865C00B7D560 /* PokeDex_ProjectTests.xctest */,
				8123986E29F2865C00B7D560 /* PokeDex_ProjectUITests.xctest */,
			);
			name = Products;
			sourceTree = "<group>";
		};
		8123985629F2865A00B7D560 /* PokeDex_Project */ = {
			isa = PBXGroup;
			children = (
				D639CE122BEE44D2002E0B5D /* PokeDex-Project-Info.plist */,
				8123985B29F2865B00B7D560 /* Assets.xcassets */,
				8123985729F2865A00B7D560 /* PokeDex_ProjectApp.swift */,
				D639CDE32BEDF14B002E0B5D /* Config.xcconfig */,
				D639CDE02BEDF066002E0B5D /* API */,
				D639CDEA2BEDF3ED002E0B5D /* ViewModel */,
				D639CE002BEDF4B9002E0B5D /* Model */,
				D639CDD72BEDEB31002E0B5D /* View */,
				D639CDD52BEDEB2E002E0B5D /* StartView.swift */,
				8123985D29F2865B00B7D560 /* Preview Content */,
			);
			path = PokeDex_Project;
			sourceTree = "<group>";
		};
		8123985D29F2865B00B7D560 /* Preview Content */ = {
			isa = PBXGroup;
			children = (
				8123985E29F2865B00B7D560 /* Preview Assets.xcassets */,
			);
			path = "Preview Content";
			sourceTree = "<group>";
		};
		8123986729F2865C00B7D560 /* PokeDex_ProjectTests */ = {
			isa = PBXGroup;
			children = (
				8123986829F2865C00B7D560 /* PokeDex_ProjectTests.swift */,
			);
			path = PokeDex_ProjectTests;
			sourceTree = "<group>";
		};
		8123987129F2865C00B7D560 /* PokeDex_ProjectUITests */ = {
			isa = PBXGroup;
			children = (
				8123987229F2865C00B7D560 /* PokeDex_ProjectUITests.swift */,
				8123987429F2865C00B7D560 /* PokeDex_ProjectUITestsLaunchTests.swift */,
			);
			path = PokeDex_ProjectUITests;
			sourceTree = "<group>";
		};
		D639CDD72BEDEB31002E0B5D /* View */ = {
			isa = PBXGroup;
			children = (
				D639CDD92BEDEB52002E0B5D /* StartView.swift */,
				8123985929F2865A00B7D560 /* ContentView.swift */,
				D639CDDB2BEDEEFB002E0B5D /* MainView.swift */,
			);
			path = View;
			sourceTree = "<group>";
		};
		D639CDE02BEDF066002E0B5D /* API */ = {
			isa = PBXGroup;
			children = (
				D639CE0F2BEDF77D002E0B5D /* Service */,
				D639CDE92BEDF1A0002E0B5D /* Router */,
				D639CDE42BEDF164002E0B5D /* Client */,
			);
			path = API;
			sourceTree = "<group>";
		};
		D639CDE42BEDF164002E0B5D /* Client */ = {
			isa = PBXGroup;
			children = (
				D639CDE12BEDF106002E0B5D /* APIClient.swift */,
				D639CDE52BEDF176002E0B5D /* APILogger.swift */,
			);
			path = Client;
			sourceTree = "<group>";
		};
		D639CDE92BEDF1A0002E0B5D /* Router */ = {
			isa = PBXGroup;
			children = (
				D639CDE72BEDF19D002E0B5D /* PokemonRouter.swift */,
			);
			path = Router;
			sourceTree = "<group>";
		};
		D639CDEA2BEDF3ED002E0B5D /* ViewModel */ = {
			isa = PBXGroup;
			children = (
				D639CDEB2BEDF3FB002E0B5D /* PokemonViewModel.swift */,
			);
			path = ViewModel;
			sourceTree = "<group>";
		};
		D639CDEE2BEDF4B9002E0B5D /* Evolution */ = {
			isa = PBXGroup;
			children = (
				D639CDED2BEDF4B9002E0B5D /* EvolutionTo.swift */,
			);
			path = Evolution;
			sourceTree = "<group>";
		};
		D639CDF32BEDF4B9002E0B5D /* Pokemons */ = {
			isa = PBXGroup;
			children = (
				D639CDEF2BEDF4B9002E0B5D /* Base.swift */,
				D639CDF02BEDF4B9002E0B5D /* Dex.swift */,
				D639CDF12BEDF4B9002E0B5D /* Pokemons.swift */,
				D639CDF22BEDF4B9002E0B5D /* TextEntries.swift */,
			);
			path = Pokemons;
			sourceTree = "<group>";
		};
		D639CDF62BEDF4B9002E0B5D /* PokemonsList */ = {
			isa = PBXGroup;
			children = (
				D639CDF42BEDF4B9002E0B5D /* PokemonPages.swift */,
				D639CDF52BEDF4B9002E0B5D /* PokemonsList.swift */,
			);
			path = PokemonsList;
			sourceTree = "<group>";
		};
		D639CDFB2BEDF4B9002E0B5D /* Response */ = {
			isa = PBXGroup;
			children = (
				D639CDF72BEDF4B9002E0B5D /* EvolutionResponse.swift */,
				D639CDF82BEDF4B9002E0B5D /* PokemonResponse.swift */,
				D639CDF92BEDF4B9002E0B5D /* PokemonsListResponse.swift */,
				D639CDFA2BEDF4B9002E0B5D /* VarietiesResponse.swift */,
			);
			path = Response;
			sourceTree = "<group>";
		};
		D639CDFF2BEDF4B9002E0B5D /* Varieties */ = {
			isa = PBXGroup;
			children = (
				D639CDFC2BEDF4B9002E0B5D /* Abilites.swift */,
				D639CDFD2BEDF4B9002E0B5D /* Form.swift */,
				D639CDFE2BEDF4B9002E0B5D /* Varieties.swift */,
			);
			path = Varieties;
			sourceTree = "<group>";
		};
		D639CE002BEDF4B9002E0B5D /* Model */ = {
			isa = PBXGroup;
			children = (
				D639CDEE2BEDF4B9002E0B5D /* Evolution */,
				D639CDF32BEDF4B9002E0B5D /* Pokemons */,
				D639CDF62BEDF4B9002E0B5D /* PokemonsList */,
				D639CDFB2BEDF4B9002E0B5D /* Response */,
				D639CDFF2BEDF4B9002E0B5D /* Varieties */,
			);
			name = Model;
			path = ../../../../../Desktop/Model;
			sourceTree = "<group>";
		};
		D639CE0F2BEDF77D002E0B5D /* Service */ = {
			isa = PBXGroup;
			children = (
				D639CE102BEDF789002E0B5D /* PokemonApiService.swift */,
			);
			path = Service;
			sourceTree = "<group>";
		};
		D6B0B98F2BAA9C7900E782F2 /* Frameworks */ = {
			isa = PBXGroup;
			children = (
			);
			name = Frameworks;
			sourceTree = "<group>";
		};
/* End PBXGroup section */

/* Begin PBXNativeTarget section */
		8123985329F2865A00B7D560 /* PokeDex_Project */ = {
			isa = PBXNativeTarget;
			buildConfigurationList = 8123987829F2865C00B7D560 /* Build configuration list for PBXNativeTarget "PokeDex_Project" */;
			buildPhases = (
				8123985029F2865A00B7D560 /* Sources */,
				8123985129F2865A00B7D560 /* Frameworks */,
				8123985229F2865A00B7D560 /* Resources */,
			);
			buildRules = (
			);
			dependencies = (
			);
			name = PokeDex_Project;
			packageProductDependencies = (
				D68F1DF62BAAABF80086BC9C /* Realm */,
				D68F1DF82BAAABF80086BC9C /* RealmSwift */,
				D68F1DFB2BAAAC000086BC9C /* Kingfisher */,
				D639CDDE2BEDF041002E0B5D /* Alamofire */,
			);
			productName = PokeDex_Project;
			productReference = 8123985429F2865A00B7D560 /* PokeDex_Project.app */;
			productType = "com.apple.product-type.application";
		};
		8123986329F2865C00B7D560 /* PokeDex_ProjectTests */ = {
			isa = PBXNativeTarget;
			buildConfigurationList = 8123987B29F2865C00B7D560 /* Build configuration list for PBXNativeTarget "PokeDex_ProjectTests" */;
			buildPhases = (
				8123986029F2865C00B7D560 /* Sources */,
				8123986129F2865C00B7D560 /* Frameworks */,
				8123986229F2865C00B7D560 /* Resources */,
			);
			buildRules = (
			);
			dependencies = (
				8123986629F2865C00B7D560 /* PBXTargetDependency */,
			);
			name = PokeDex_ProjectTests;
			productName = PokeDex_ProjectTests;
			productReference = 8123986429F2865C00B7D560 /* PokeDex_ProjectTests.xctest */;
			productType = "com.apple.product-type.bundle.unit-test";
		};
		8123986D29F2865C00B7D560 /* PokeDex_ProjectUITests */ = {
			isa = PBXNativeTarget;
			buildConfigurationList = 8123987E29F2865C00B7D560 /* Build configuration list for PBXNativeTarget "PokeDex_ProjectUITests" */;
			buildPhases = (
				8123986A29F2865C00B7D560 /* Sources */,
				8123986B29F2865C00B7D560 /* Frameworks */,
				8123986C29F2865C00B7D560 /* Resources */,
			);
			buildRules = (
			);
			dependencies = (
				8123987029F2865C00B7D560 /* PBXTargetDependency */,
			);
			name = PokeDex_ProjectUITests;
			productName = PokeDex_ProjectUITests;
			productReference = 8123986E29F2865C00B7D560 /* PokeDex_ProjectUITests.xctest */;
			productType = "com.apple.product-type.bundle.ui-testing";
		};
/* End PBXNativeTarget section */

/* Begin PBXProject section */
		8123984C29F2865A00B7D560 /* Project object */ = {
			isa = PBXProject;
			attributes = {
				BuildIndependentTargetsInParallel = 1;
				LastSwiftUpdateCheck = 1430;
				LastUpgradeCheck = 1430;
				TargetAttributes = {
					8123985329F2865A00B7D560 = {
						CreatedOnToolsVersion = 14.3;
					};
					8123986329F2865C00B7D560 = {
						CreatedOnToolsVersion = 14.3;
						TestTargetID = 8123985329F2865A00B7D560;
					};
					8123986D29F2865C00B7D560 = {
						CreatedOnToolsVersion = 14.3;
						TestTargetID = 8123985329F2865A00B7D560;
					};
				};
			};
			buildConfigurationList = 8123984F29F2865A00B7D560 /* Build configuration list for PBXProject "PokeDex_Project" */;
			compatibilityVersion = "Xcode 14.0";
			developmentRegion = en;
			hasScannedForEncodings = 0;
			knownRegions = (
				en,
				Base,
			);
			mainGroup = 8123984B29F2865A00B7D560;
			packageReferences = (
				D68F1DF52BAAABF80086BC9C /* XCRemoteSwiftPackageReference "realm-swift" */,
				D68F1DFA2BAAAC000086BC9C /* XCRemoteSwiftPackageReference "Kingfisher" */,
				D639CDDD2BEDF041002E0B5D /* XCRemoteSwiftPackageReference "Alamofire" */,
			);
			productRefGroup = 8123985529F2865A00B7D560 /* Products */;
			projectDirPath = "";
			projectRoot = "";
			targets = (
				8123985329F2865A00B7D560 /* PokeDex_Project */,
				8123986329F2865C00B7D560 /* PokeDex_ProjectTests */,
				8123986D29F2865C00B7D560 /* PokeDex_ProjectUITests */,
			);
		};
/* End PBXProject section */

/* Begin PBXResourcesBuildPhase section */
		8123985229F2865A00B7D560 /* Resources */ = {
			isa = PBXResourcesBuildPhase;
			buildActionMask = 2147483647;
			files = (
				8123985F29F2865B00B7D560 /* Preview Assets.xcassets in Resources */,
				8123985C29F2865B00B7D560 /* Assets.xcassets in Resources */,
			);
			runOnlyForDeploymentPostprocessing = 0;
		};
		8123986229F2865C00B7D560 /* Resources */ = {
			isa = PBXResourcesBuildPhase;
			buildActionMask = 2147483647;
			files = (
			);
			runOnlyForDeploymentPostprocessing = 0;
		};
		8123986C29F2865C00B7D560 /* Resources */ = {
			isa = PBXResourcesBuildPhase;
			buildActionMask = 2147483647;
			files = (
			);
			runOnlyForDeploymentPostprocessing = 0;
		};
/* End PBXResourcesBuildPhase section */

/* Begin PBXSourcesBuildPhase section */
		8123985029F2865A00B7D560 /* Sources */ = {
			isa = PBXSourcesBuildPhase;
			buildActionMask = 2147483647;
			files = (
				D639CDE82BEDF19D002E0B5D /* PokemonRouter.swift in Sources */,
				D639CDD62BEDEB2E002E0B5D /* StartView.swift in Sources */,
				8123985A29F2865A00B7D560 /* ContentView.swift in Sources */,
				D639CE042BEDF4B9002E0B5D /* Pokemons.swift in Sources */,
				8123985829F2865A00B7D560 /* PokeDex_ProjectApp.swift in Sources */,
				D639CE072BEDF4B9002E0B5D /* PokemonsList.swift in Sources */,
				D639CE0A2BEDF4B9002E0B5D /* PokemonsListResponse.swift in Sources */,
				D639CE052BEDF4B9002E0B5D /* TextEntries.swift in Sources */,
				D639CDE62BEDF176002E0B5D /* APILogger.swift in Sources */,
				D639CE032BEDF4B9002E0B5D /* Dex.swift in Sources */,
				D639CDEC2BEDF3FB002E0B5D /* PokemonViewModel.swift in Sources */,
				D639CE012BEDF4B9002E0B5D /* EvolutionTo.swift in Sources */,
				D639CE0C2BEDF4B9002E0B5D /* Abilites.swift in Sources */,
				D639CE082BEDF4B9002E0B5D /* EvolutionResponse.swift in Sources */,
				D639CDDC2BEDEEFB002E0B5D /* MainView.swift in Sources */,
				D639CDDA2BEDEB52002E0B5D /* StartView.swift in Sources */,
				D639CE092BEDF4B9002E0B5D /* PokemonResponse.swift in Sources */,
				D639CDE22BEDF106002E0B5D /* APIClient.swift in Sources */,
				D639CE0E2BEDF4B9002E0B5D /* Varieties.swift in Sources */,
				D639CE0B2BEDF4B9002E0B5D /* VarietiesResponse.swift in Sources */,
				D639CE022BEDF4B9002E0B5D /* Base.swift in Sources */,
				D639CE062BEDF4B9002E0B5D /* PokemonPages.swift in Sources */,
				D639CE112BEDF789002E0B5D /* PokemonApiService.swift in Sources */,
				D639CE0D2BEDF4B9002E0B5D /* Form.swift in Sources */,
			);
			runOnlyForDeploymentPostprocessing = 0;
		};
		8123986029F2865C00B7D560 /* Sources */ = {
			isa = PBXSourcesBuildPhase;
			buildActionMask = 2147483647;
			files = (
				8123986929F2865C00B7D560 /* PokeDex_ProjectTests.swift in Sources */,
			);
			runOnlyForDeploymentPostprocessing = 0;
		};
		8123986A29F2865C00B7D560 /* Sources */ = {
			isa = PBXSourcesBuildPhase;
			buildActionMask = 2147483647;
			files = (
				8123987329F2865C00B7D560 /* PokeDex_ProjectUITests.swift in Sources */,
				8123987529F2865C00B7D560 /* PokeDex_ProjectUITestsLaunchTests.swift in Sources */,
			);
			runOnlyForDeploymentPostprocessing = 0;
		};
/* End PBXSourcesBuildPhase section */

/* Begin PBXTargetDependency section */
		8123986629F2865C00B7D560 /* PBXTargetDependency */ = {
			isa = PBXTargetDependency;
			target = 8123985329F2865A00B7D560 /* PokeDex_Project */;
			targetProxy = 8123986529F2865C00B7D560 /* PBXContainerItemProxy */;
		};
		8123987029F2865C00B7D560 /* PBXTargetDependency */ = {
			isa = PBXTargetDependency;
			target = 8123985329F2865A00B7D560 /* PokeDex_Project */;
			targetProxy = 8123986F29F2865C00B7D560 /* PBXContainerItemProxy */;
		};
/* End PBXTargetDependency section */

/* Begin XCBuildConfiguration section */
		8123987629F2865C00B7D560 /* Debug */ = {
			isa = XCBuildConfiguration;
			buildSettings = {
				ALWAYS_SEARCH_USER_PATHS = NO;
				AWS_URL = "poke-dex-env.eba-gq6ggz7x.ap-northeast-2.elasticbeanstalk.com";
				CLANG_ANALYZER_NONNULL = YES;
				CLANG_ANALYZER_NUMBER_OBJECT_CONVERSION = YES_AGGRESSIVE;
				CLANG_CXX_LANGUAGE_STANDARD = "gnu++20";
				CLANG_ENABLE_MODULES = YES;
				CLANG_ENABLE_OBJC_ARC = YES;
				CLANG_ENABLE_OBJC_WEAK = YES;
				CLANG_WARN_BLOCK_CAPTURE_AUTORELEASING = YES;
				CLANG_WARN_BOOL_CONVERSION = YES;
				CLANG_WARN_COMMA = YES;
				CLANG_WARN_CONSTANT_CONVERSION = YES;
				CLANG_WARN_DEPRECATED_OBJC_IMPLEMENTATIONS = YES;
				CLANG_WARN_DIRECT_OBJC_ISA_USAGE = YES_ERROR;
				CLANG_WARN_DOCUMENTATION_COMMENTS = YES;
				CLANG_WARN_EMPTY_BODY = YES;
				CLANG_WARN_ENUM_CONVERSION = YES;
				CLANG_WARN_INFINITE_RECURSION = YES;
				CLANG_WARN_INT_CONVERSION = YES;
				CLANG_WARN_NON_LITERAL_NULL_CONVERSION = YES;
				CLANG_WARN_OBJC_IMPLICIT_RETAIN_SELF = YES;
				CLANG_WARN_OBJC_LITERAL_CONVERSION = YES;
				CLANG_WARN_OBJC_ROOT_CLASS = YES_ERROR;
				CLANG_WARN_QUOTED_INCLUDE_IN_FRAMEWORK_HEADER = YES;
				CLANG_WARN_RANGE_LOOP_ANALYSIS = YES;
				CLANG_WARN_STRICT_PROTOTYPES = YES;
				CLANG_WARN_SUSPICIOUS_MOVE = YES;
				CLANG_WARN_UNGUARDED_AVAILABILITY = YES_AGGRESSIVE;
				CLANG_WARN_UNREACHABLE_CODE = YES;
				CLANG_WARN__DUPLICATE_METHOD_MATCH = YES;
				COPY_PHASE_STRIP = NO;
				DEBUG_INFORMATION_FORMAT = dwarf;
				ENABLE_STRICT_OBJC_MSGSEND = YES;
				ENABLE_TESTABILITY = YES;
				GCC_C_LANGUAGE_STANDARD = gnu11;
				GCC_DYNAMIC_NO_PIC = NO;
				GCC_NO_COMMON_BLOCKS = YES;
				GCC_OPTIMIZATION_LEVEL = 0;
				GCC_PREPROCESSOR_DEFINITIONS = (
					"DEBUG=1",
					"$(inherited)",
				);
				GCC_WARN_64_TO_32_BIT_CONVERSION = YES;
				GCC_WARN_ABOUT_RETURN_TYPE = YES_ERROR;
				GCC_WARN_UNDECLARED_SELECTOR = YES;
				GCC_WARN_UNINITIALIZED_AUTOS = YES_AGGRESSIVE;
				GCC_WARN_UNUSED_FUNCTION = YES;
				GCC_WARN_UNUSED_VARIABLE = YES;
				IPHONEOS_DEPLOYMENT_TARGET = 16.0;
				MTL_ENABLE_DEBUG_INFO = INCLUDE_SOURCE;
				MTL_FAST_MATH = YES;
				ONLY_ACTIVE_ARCH = YES;
				SDKROOT = iphoneos;
				SWIFT_ACTIVE_COMPILATION_CONDITIONS = DEBUG;
				SWIFT_OPTIMIZATION_LEVEL = "-Onone";
			};
			name = Debug;
		};
		8123987729F2865C00B7D560 /* Release */ = {
			isa = XCBuildConfiguration;
			buildSettings = {
				ALWAYS_SEARCH_USER_PATHS = NO;
				AWS_URL = "poke-dex-env.eba-gq6ggz7x.ap-northeast-2.elasticbeanstalk.com";
				CLANG_ANALYZER_NONNULL = YES;
				CLANG_ANALYZER_NUMBER_OBJECT_CONVERSION = YES_AGGRESSIVE;
				CLANG_CXX_LANGUAGE_STANDARD = "gnu++20";
				CLANG_ENABLE_MODULES = YES;
				CLANG_ENABLE_OBJC_ARC = YES;
				CLANG_ENABLE_OBJC_WEAK = YES;
				CLANG_WARN_BLOCK_CAPTURE_AUTORELEASING = YES;
				CLANG_WARN_BOOL_CONVERSION = YES;
				CLANG_WARN_COMMA = YES;
				CLANG_WARN_CONSTANT_CONVERSION = YES;
				CLANG_WARN_DEPRECATED_OBJC_IMPLEMENTATIONS = YES;
				CLANG_WARN_DIRECT_OBJC_ISA_USAGE = YES_ERROR;
				CLANG_WARN_DOCUMENTATION_COMMENTS = YES;
				CLANG_WARN_EMPTY_BODY = YES;
				CLANG_WARN_ENUM_CONVERSION = YES;
				CLANG_WARN_INFINITE_RECURSION = YES;
				CLANG_WARN_INT_CONVERSION = YES;
				CLANG_WARN_NON_LITERAL_NULL_CONVERSION = YES;
				CLANG_WARN_OBJC_IMPLICIT_RETAIN_SELF = YES;
				CLANG_WARN_OBJC_LITERAL_CONVERSION = YES;
				CLANG_WARN_OBJC_ROOT_CLASS = YES_ERROR;
				CLANG_WARN_QUOTED_INCLUDE_IN_FRAMEWORK_HEADER = YES;
				CLANG_WARN_RANGE_LOOP_ANALYSIS = YES;
				CLANG_WARN_STRICT_PROTOTYPES = YES;
				CLANG_WARN_SUSPICIOUS_MOVE = YES;
				CLANG_WARN_UNGUARDED_AVAILABILITY = YES_AGGRESSIVE;
				CLANG_WARN_UNREACHABLE_CODE = YES;
				CLANG_WARN__DUPLICATE_METHOD_MATCH = YES;
				COPY_PHASE_STRIP = NO;
				DEBUG_INFORMATION_FORMAT = "dwarf-with-dsym";
				ENABLE_NS_ASSERTIONS = NO;
				ENABLE_STRICT_OBJC_MSGSEND = YES;
				GCC_C_LANGUAGE_STANDARD = gnu11;
				GCC_NO_COMMON_BLOCKS = YES;
				GCC_WARN_64_TO_32_BIT_CONVERSION = YES;
				GCC_WARN_ABOUT_RETURN_TYPE = YES_ERROR;
				GCC_WARN_UNDECLARED_SELECTOR = YES;
				GCC_WARN_UNINITIALIZED_AUTOS = YES_AGGRESSIVE;
				GCC_WARN_UNUSED_FUNCTION = YES;
				GCC_WARN_UNUSED_VARIABLE = YES;
				IPHONEOS_DEPLOYMENT_TARGET = 16.0;
				MTL_ENABLE_DEBUG_INFO = NO;
				MTL_FAST_MATH = YES;
				SDKROOT = iphoneos;
				SWIFT_COMPILATION_MODE = wholemodule;
				SWIFT_OPTIMIZATION_LEVEL = "-O";
				VALIDATE_PRODUCT = YES;
			};
			name = Release;
		};
		8123987929F2865C00B7D560 /* Debug */ = {
			isa = XCBuildConfiguration;
			buildSettings = {
				ASSETCATALOG_COMPILER_APPICON_NAME = AppIcon;
				ASSETCATALOG_COMPILER_GLOBAL_ACCENT_COLOR_NAME = AccentColor;
				CODE_SIGN_STYLE = Automatic;
				CURRENT_PROJECT_VERSION = 14;
				DEVELOPMENT_ASSET_PATHS = "\"PokeDex_Project/Preview Content\"";
				DEVELOPMENT_TEAM = N676ZFA7W8;
				ENABLE_PREVIEWS = YES;
				GENERATE_INFOPLIST_FILE = YES;
				INFOPLIST_FILE = "PokeDex-Project-Info.plist";
				INFOPLIST_KEY_CFBundleDisplayName = "올포원";
				INFOPLIST_KEY_LSApplicationCategoryType = "public.app-category.education";
				INFOPLIST_KEY_UIApplicationSceneManifest_Generation = YES;
				INFOPLIST_KEY_UIApplicationSupportsIndirectInputEvents = YES;
				INFOPLIST_KEY_UILaunchScreen_Generation = YES;
				INFOPLIST_KEY_UIStatusBarStyle = "";
				INFOPLIST_KEY_UISupportedInterfaceOrientations_iPad = "UIInterfaceOrientationPortrait UIInterfaceOrientationPortraitUpsideDown UIInterfaceOrientationLandscapeLeft UIInterfaceOrientationLandscapeRight";
				INFOPLIST_KEY_UISupportedInterfaceOrientations_iPhone = "UIInterfaceOrientationPortrait UIInterfaceOrientationLandscapeLeft UIInterfaceOrientationLandscapeRight";
				IPHONEOS_DEPLOYMENT_TARGET = 16.0;
				LD_RUNPATH_SEARCH_PATHS = (
					"$(inherited)",
					"@executable_path/Frameworks",
				);
				MARKETING_VERSION = 1.1.2;
				PRODUCT_BUNDLE_IDENTIFIER = "quarang.PokeDex-Project";
				PRODUCT_NAME = "$(TARGET_NAME)";
				SUPPORTED_PLATFORMS = "iphoneos iphonesimulator";
				SUPPORTS_MACCATALYST = NO;
				SUPPORTS_MAC_DESIGNED_FOR_IPHONE_IPAD = NO;
				SWIFT_EMIT_LOC_STRINGS = YES;
				SWIFT_VERSION = 5.0;
				TARGETED_DEVICE_FAMILY = 1;
			};
			name = Debug;
		};
		8123987A29F2865C00B7D560 /* Release */ = {
			isa = XCBuildConfiguration;
			buildSettings = {
				ASSETCATALOG_COMPILER_APPICON_NAME = AppIcon;
				ASSETCATALOG_COMPILER_GLOBAL_ACCENT_COLOR_NAME = AccentColor;
				CODE_SIGN_STYLE = Automatic;
				CURRENT_PROJECT_VERSION = 14;
				DEVELOPMENT_ASSET_PATHS = "\"PokeDex_Project/Preview Content\"";
				DEVELOPMENT_TEAM = N676ZFA7W8;
				ENABLE_PREVIEWS = YES;
				GENERATE_INFOPLIST_FILE = YES;
				INFOPLIST_FILE = "PokeDex-Project-Info.plist";
				INFOPLIST_KEY_CFBundleDisplayName = "올포원";
				INFOPLIST_KEY_LSApplicationCategoryType = "public.app-category.education";
				INFOPLIST_KEY_UIApplicationSceneManifest_Generation = YES;
				INFOPLIST_KEY_UIApplicationSupportsIndirectInputEvents = YES;
				INFOPLIST_KEY_UILaunchScreen_Generation = YES;
				INFOPLIST_KEY_UIStatusBarStyle = "";
				INFOPLIST_KEY_UISupportedInterfaceOrientations_iPad = "UIInterfaceOrientationPortrait UIInterfaceOrientationPortraitUpsideDown UIInterfaceOrientationLandscapeLeft UIInterfaceOrientationLandscapeRight";
				INFOPLIST_KEY_UISupportedInterfaceOrientations_iPhone = "UIInterfaceOrientationPortrait UIInterfaceOrientationLandscapeLeft UIInterfaceOrientationLandscapeRight";
				IPHONEOS_DEPLOYMENT_TARGET = 16.0;
				LD_RUNPATH_SEARCH_PATHS = (
					"$(inherited)",
					"@executable_path/Frameworks",
				);
				MARKETING_VERSION = 1.1.2;
				PRODUCT_BUNDLE_IDENTIFIER = "quarang.PokeDex-Project";
				PRODUCT_NAME = "$(TARGET_NAME)";
				SUPPORTED_PLATFORMS = "iphoneos iphonesimulator";
				SUPPORTS_MACCATALYST = NO;
				SUPPORTS_MAC_DESIGNED_FOR_IPHONE_IPAD = NO;
				SWIFT_EMIT_LOC_STRINGS = YES;
				SWIFT_VERSION = 5.0;
				TARGETED_DEVICE_FAMILY = 1;
			};
			name = Release;
		};
		8123987C29F2865C00B7D560 /* Debug */ = {
			isa = XCBuildConfiguration;
			buildSettings = {
				ALWAYS_EMBED_SWIFT_STANDARD_LIBRARIES = YES;
				BUNDLE_LOADER = "$(TEST_HOST)";
				CODE_SIGN_STYLE = Automatic;
				CURRENT_PROJECT_VERSION = 1;
				DEVELOPMENT_TEAM = N676ZFA7W8;
				GENERATE_INFOPLIST_FILE = YES;
				IPHONEOS_DEPLOYMENT_TARGET = 16.4;
				MARKETING_VERSION = 1.0;
				PRODUCT_BUNDLE_IDENTIFIER = "quarang.PokeDex-ProjectTests";
				PRODUCT_NAME = "$(TARGET_NAME)";
				SWIFT_EMIT_LOC_STRINGS = NO;
				SWIFT_VERSION = 5.0;
				TARGETED_DEVICE_FAMILY = "1,2";
				TEST_HOST = "$(BUILT_PRODUCTS_DIR)/PokeDex_Project.app/$(BUNDLE_EXECUTABLE_FOLDER_PATH)/PokeDex_Project";
			};
			name = Debug;
		};
		8123987D29F2865C00B7D560 /* Release */ = {
			isa = XCBuildConfiguration;
			buildSettings = {
				ALWAYS_EMBED_SWIFT_STANDARD_LIBRARIES = YES;
				BUNDLE_LOADER = "$(TEST_HOST)";
				CODE_SIGN_STYLE = Automatic;
				CURRENT_PROJECT_VERSION = 1;
				DEVELOPMENT_TEAM = N676ZFA7W8;
				GENERATE_INFOPLIST_FILE = YES;
				IPHONEOS_DEPLOYMENT_TARGET = 16.4;
				MARKETING_VERSION = 1.0;
				PRODUCT_BUNDLE_IDENTIFIER = "quarang.PokeDex-ProjectTests";
				PRODUCT_NAME = "$(TARGET_NAME)";
				SWIFT_EMIT_LOC_STRINGS = NO;
				SWIFT_VERSION = 5.0;
				TARGETED_DEVICE_FAMILY = "1,2";
				TEST_HOST = "$(BUILT_PRODUCTS_DIR)/PokeDex_Project.app/$(BUNDLE_EXECUTABLE_FOLDER_PATH)/PokeDex_Project";
			};
			name = Release;
		};
		8123987F29F2865C00B7D560 /* Debug */ = {
			isa = XCBuildConfiguration;
			buildSettings = {
				ALWAYS_EMBED_SWIFT_STANDARD_LIBRARIES = YES;
				CODE_SIGN_STYLE = Automatic;
				CURRENT_PROJECT_VERSION = 1;
				DEVELOPMENT_TEAM = N676ZFA7W8;
				GENERATE_INFOPLIST_FILE = YES;
				MARKETING_VERSION = 1.0;
				PRODUCT_BUNDLE_IDENTIFIER = "quarang.PokeDex-ProjectUITests";
				PRODUCT_NAME = "$(TARGET_NAME)";
				SWIFT_EMIT_LOC_STRINGS = NO;
				SWIFT_VERSION = 5.0;
				TARGETED_DEVICE_FAMILY = "1,2";
				TEST_TARGET_NAME = PokeDex_Project;
			};
			name = Debug;
		};
		8123988029F2865C00B7D560 /* Release */ = {
			isa = XCBuildConfiguration;
			buildSettings = {
				ALWAYS_EMBED_SWIFT_STANDARD_LIBRARIES = YES;
				CODE_SIGN_STYLE = Automatic;
				CURRENT_PROJECT_VERSION = 1;
				DEVELOPMENT_TEAM = N676ZFA7W8;
				GENERATE_INFOPLIST_FILE = YES;
				MARKETING_VERSION = 1.0;
				PRODUCT_BUNDLE_IDENTIFIER = "quarang.PokeDex-ProjectUITests";
				PRODUCT_NAME = "$(TARGET_NAME)";
				SWIFT_EMIT_LOC_STRINGS = NO;
				SWIFT_VERSION = 5.0;
				TARGETED_DEVICE_FAMILY = "1,2";
				TEST_TARGET_NAME = PokeDex_Project;
			};
			name = Release;
		};
/* End XCBuildConfiguration section */

/* Begin XCConfigurationList section */
		8123984F29F2865A00B7D560 /* Build configuration list for PBXProject "PokeDex_Project" */ = {
			isa = XCConfigurationList;
			buildConfigurations = (
				8123987629F2865C00B7D560 /* Debug */,
				8123987729F2865C00B7D560 /* Release */,
			);
			defaultConfigurationIsVisible = 0;
			defaultConfigurationName = Release;
		};
		8123987829F2865C00B7D560 /* Build configuration list for PBXNativeTarget "PokeDex_Project" */ = {
			isa = XCConfigurationList;
			buildConfigurations = (
				8123987929F2865C00B7D560 /* Debug */,
				8123987A29F2865C00B7D560 /* Release */,
			);
			defaultConfigurationIsVisible = 0;
			defaultConfigurationName = Release;
		};
		8123987B29F2865C00B7D560 /* Build configuration list for PBXNativeTarget "PokeDex_ProjectTests" */ = {
			isa = XCConfigurationList;
			buildConfigurations = (
				8123987C29F2865C00B7D560 /* Debug */,
				8123987D29F2865C00B7D560 /* Release */,
			);
			defaultConfigurationIsVisible = 0;
			defaultConfigurationName = Release;
		};
		8123987E29F2865C00B7D560 /* Build configuration list for PBXNativeTarget "PokeDex_ProjectUITests" */ = {
			isa = XCConfigurationList;
			buildConfigurations = (
				8123987F29F2865C00B7D560 /* Debug */,
				8123988029F2865C00B7D560 /* Release */,
			);
			defaultConfigurationIsVisible = 0;
			defaultConfigurationName = Release;
		};
/* End XCConfigurationList section */

/* Begin XCRemoteSwiftPackageReference section */
		D639CDDD2BEDF041002E0B5D /* XCRemoteSwiftPackageReference "Alamofire" */ = {
			isa = XCRemoteSwiftPackageReference;
			repositoryURL = "https://github.com/Alamofire/Alamofire.git";
			requirement = {
				kind = upToNextMajorVersion;
				minimumVersion = 5.9.1;
			};
		};
		D68F1DF52BAAABF80086BC9C /* XCRemoteSwiftPackageReference "realm-swift" */ = {
			isa = XCRemoteSwiftPackageReference;
			repositoryURL = "https://github.com/realm/realm-swift.git";
			requirement = {
				branch = master;
				kind = branch;
			};
		};
		D68F1DFA2BAAAC000086BC9C /* XCRemoteSwiftPackageReference "Kingfisher" */ = {
			isa = XCRemoteSwiftPackageReference;
			repositoryURL = "https://github.com/onevcat/Kingfisher.git";
			requirement = {
				kind = upToNextMajorVersion;
				minimumVersion = 7.11.0;
			};
		};
/* End XCRemoteSwiftPackageReference section */

/* Begin XCSwiftPackageProductDependency section */
		D639CDDE2BEDF041002E0B5D /* Alamofire */ = {
			isa = XCSwiftPackageProductDependency;
			package = D639CDDD2BEDF041002E0B5D /* XCRemoteSwiftPackageReference "Alamofire" */;
			productName = Alamofire;
		};
		D68F1DF62BAAABF80086BC9C /* Realm */ = {
			isa = XCSwiftPackageProductDependency;
			package = D68F1DF52BAAABF80086BC9C /* XCRemoteSwiftPackageReference "realm-swift" */;
			productName = Realm;
		};
		D68F1DF82BAAABF80086BC9C /* RealmSwift */ = {
			isa = XCSwiftPackageProductDependency;
			package = D68F1DF52BAAABF80086BC9C /* XCRemoteSwiftPackageReference "realm-swift" */;
			productName = RealmSwift;
		};
		D68F1DFB2BAAAC000086BC9C /* Kingfisher */ = {
			isa = XCSwiftPackageProductDependency;
			package = D68F1DFA2BAAAC000086BC9C /* XCRemoteSwiftPackageReference "Kingfisher" */;
			productName = Kingfisher;
		};
/* End XCSwiftPackageProductDependency section */
	};
	rootObject = 8123984C29F2865A00B7D560 /* Project object */;
}
